{"SurveyEntry":{"SurveyID":"SV_3reKXHcppX2XbUi","SurveyName":"Current Employment Survey","SurveyDescription":null,"SurveyOwnerID":"UR_2mM1L5ZCVJecogm","SurveyBrandID":"umd","DivisionID":null,"SurveyLanguage":"EN","SurveyActiveResponseSet":"RS_bEnsheDkGrY3hXw","SurveyStatus":"Inactive","SurveyStartDate":"0000-00-00 00:00:00","SurveyExpirationDate":"0000-00-00 00:00:00","SurveyCreationDate":"2024-10-31 12:12:08","CreatorID":"UR_2mM1L5ZCVJecogm","LastModified":"2026-05-02 05:26:13","LastAccessed":"0000-00-00 00:00:00","LastActivated":"2024-10-31 17:58:36","Deleted":null},"SurveyElements":[{"SurveyID":"SV_3reKXHcppX2XbUi","Element":"BL","PrimaryAttribute":"Survey Blocks","SecondaryAttribute":null,"TertiaryAttribute":null,"Payload":[{"Type":"Default","Description":"Consent Form","ID":"BL_3rTDDB3BOeD6hE2","BlockElements":[{"Type":"Question","QuestionID":"QID1"},{"Type":"Page Break"},{"Type":"Question","QuestionID":"QID2"},{"Type":"Question","QuestionID":"QID3"}]},{"Type":"Trash","Description":"Trash \/ Unused Questions","ID":"BL_3FaIL08aO6FXlI2","BlockElements":[{"Type":"Question","QuestionID":"QID17"}]},{"Type":"Standard","SubType":"","Description":"Block2","ID":"BL_ehCKMejsjjNJNI2","BlockElements":[{"Type":"Question","QuestionID":"QID5"}],"Options":{"BlockLocking":"false","RandomizeQuestions":"false","Looping":"Question","LoopingOptions":{"Locator":"q:\/\/QID3\/ChoiceGroup\/EnteredChoicesTextEntry","QID":"QID3","ChoiceGroupLocator":"q:\/\/QID3\/ChoiceGroup\/EnteredChoicesTextEntry","Static":{"1":{"2":""},"2":{"2":""},"3":{"2":""},"4":{"2":""},"5":{"2":""}},"Randomization":"None"}}},{"Type":"Standard","SubType":"","Description":"Demographics","ID":"BL_eDrqjOvr1bj6yiO","BlockElements":[{"Type":"Question","QuestionID":"QID15"},{"Type":"Question","QuestionID":"QID38"},{"Type":"Question","QuestionID":"QID39"},{"Type":"Question","QuestionID":"QID18"},{"Type":"Question","QuestionID":"QID40"},{"Type":"Question","QuestionID":"QID19"},{"Type":"Question","QuestionID":"QID41"},{"Type":"Question","QuestionID":"QID20"},{"Type":"Question","QuestionID":"QID42"},{"Type":"Question","QuestionID":"QID21"},{"Type":"Question","QuestionID":"QID43"}],"Options":{"BlockLocking":"false","RandomizeQuestions":"false","Looping":"Question","LoopingOptions":{"Locator":"q:\/\/QID3\/ChoiceGroup\/EnteredChoicesTextEntry","QID":"QID3","ChoiceGroupLocator":"q:\/\/QID3\/ChoiceGroup\/EnteredChoicesTextEntry","Static":{"1":{"2":"you","3":"your"},"2":{"2":"","3":""},"3":{"2":"","3":""},"4":{"2":"","3":""}},"Randomization":"None"},"PreviousButton":"","previousButtonMID":"","NextButton":"","nextButtonMID":"","previousButtonLibraryID":"","nextButtonLibraryID":""}},{"Type":"Standard","SubType":"","Description":"Employment","ID":"BL_brbcy2z6ufTAY6y","Options":{"BlockLocking":"false","RandomizeQuestions":"false","Looping":"Question","LoopingOptions":{"Locator":"q:\/\/QID3\/ChoiceGroup\/EnteredChoicesTextEntry","QID":"QID3","ChoiceGroupLocator":"q:\/\/QID3\/ChoiceGroup\/EnteredChoicesTextEntry","Static":{"1":{"2":"you","3":"your"},"2":{"2":"","3":""},"3":{"2":"","3":""},"4":{"2":"","3":""}},"Randomization":"None"},"PreviousButton":"","previousButtonMID":"","NextButton":"","nextButtonMID":"","previousButtonLibraryID":"","nextButtonLibraryID":""},"BlockElements":[{"Type":"Question","QuestionID":"QID23"},{"Type":"Question","QuestionID":"QID24"},{"Type":"Question","QuestionID":"QID44"},{"Type":"Question","QuestionID":"QID25"},{"Type":"Question","QuestionID":"QID45"},{"Type":"Question","QuestionID":"QID26"},{"Type":"Question","QuestionID":"QID47"},{"Type":"Question","QuestionID":"QID27"},{"Type":"Question","QuestionID":"QID46"},{"Type":"Page Break"},{"Type":"Question","QuestionID":"QID28"},{"Type":"Question","QuestionID":"QID48"},{"Type":"Question","QuestionID":"QID30"},{"Type":"Question","QuestionID":"QID49"},{"Type":"Question","QuestionID":"QID29"},{"Type":"Question","QuestionID":"QID50"},{"Type":"Question","QuestionID":"QID31"},{"Type":"Question","QuestionID":"QID51"},{"Type":"Page Break"},{"Type":"Question","QuestionID":"QID32"},{"Type":"Question","QuestionID":"QID52"},{"Type":"Question","QuestionID":"QID33"},{"Type":"Question","QuestionID":"QID53"},{"Type":"Page Break"},{"Type":"Question","QuestionID":"QID34"},{"Type":"Question","QuestionID":"QID54"},{"Type":"Question","QuestionID":"QID35"},{"Type":"Question","QuestionID":"QID55"}]},{"Type":"Standard","SubType":"","Description":"Household Income","ID":"BL_cUSG2EEkloCefRQ","BlockElements":[{"Type":"Question","QuestionID":"QID36"},{"Type":"Question","QuestionID":"QID37"}],"Options":{"BlockLocking":"false","RandomizeQuestions":"RandomWithOnlyX","Randomization":{"Advanced":{"TotalRandSubset":"1","QuestionsPerPage":0}}}}]},{"SurveyID":"SV_3reKXHcppX2XbUi","Element":"FL","PrimaryAttribute":"Survey Flow","SecondaryAttribute":null,"TertiaryAttribute":null,"Payload":{"Type":"Root","FlowID":"FL_1","Flow":[{"Type":"Block","ID":"BL_3rTDDB3BOeD6hE2","FlowID":"FL_2","Autofill":[]},{"Type":"Standard","ID":"BL_ehCKMejsjjNJNI2","FlowID":"FL_3","Autofill":[]},{"Type":"Standard","ID":"BL_eDrqjOvr1bj6yiO","FlowID":"FL_6","Autofill":[]},{"Type":"Standard","ID":"BL_brbcy2z6ufTAY6y","FlowID":"FL_7","Autofill":[]},{"Type":"Standard","ID":"BL_cUSG2EEkloCefRQ","FlowID":"FL_9","Autofill":[]},{"Type":"EndSurvey","FlowID":"FL_8"}],"Properties":{"Count":10}}},{"SurveyID":"SV_3reKXHcppX2XbUi","Element":"NT","PrimaryAttribute":"NT_abJPkst5NpDIVoi","SecondaryAttribute":null,"TertiaryAttribute":null,"Payload":{"Notes":[{"Message":"[We will only collect information for 4 of the people in your household. Please list yourself first, then include the 3 oldest people age 16 and older among the remaining members of your household.]","ID":"NO_d42ASB2qt3fuE86","UserID":"UR_2mM1L5ZCVJecogm","Timestamp":1730401433,"Removed":true}],"UserStatuses":{"UR_2mM1L5ZCVJecogm":"Expanded"},"ParentID":"QID3","ID":"NT_abJPkst5NpDIVoi"}},{"SurveyID":"SV_3reKXHcppX2XbUi","Element":"PL","PrimaryAttribute":"Preview Link","SecondaryAttribute":null,"TertiaryAttribute":null,"Payload":{"PreviewType":"Brand","PreviewID":"7ea74063-b580-4f82-9492-f6ccb88bcbe3"}},{"SurveyID":"SV_3reKXHcppX2XbUi","Element":"PROJ","PrimaryAttribute":"CORE","SecondaryAttribute":null,"TertiaryAttribute":"1.1.0","Payload":{"ProjectCategory":"CORE","SchemaVersion":"1.1.0"}},{"SurveyID":"SV_3reKXHcppX2XbUi","Element":"QC","PrimaryAttribute":"Survey Question Count","SecondaryAttribute":"55","TertiaryAttribute":null,"Payload":null},{"SurveyID":"SV_3reKXHcppX2XbUi","Element":"QG","PrimaryAttribute":"QG_IpPBKnQNseuNj4v","SecondaryAttribute":"Default Quota Group","TertiaryAttribute":null,"Payload":{"ID":"QG_IpPBKnQNseuNj4v","Name":"Default Quota Group","Selected":true,"MultipleMatch":"PlaceInAll","Public":false,"Quotas":[]}},{"SurveyID":"SV_3reKXHcppX2XbUi","Element":"QGO","PrimaryAttribute":"QGO_QuotaGroupOrder","SecondaryAttribute":null,"TertiaryAttribute":null,"Payload":["QG_IpPBKnQNseuNj4v"]},{"SurveyID":"SV_3reKXHcppX2XbUi","Element":"RS","PrimaryAttribute":"RS_bEnsheDkGrY3hXw","SecondaryAttribute":"Default Response Set","TertiaryAttribute":null,"Payload":null},{"SurveyID":"SV_3reKXHcppX2XbUi","Element":"SCO","PrimaryAttribute":"Scoring","SecondaryAttribute":null,"TertiaryAttribute":null,"Payload":{"ScoringCategories":[],"ScoringCategoryGroups":[],"ScoringSummaryCategory":null,"ScoringSummaryAfterQuestions":0,"ScoringSummaryAfterSurvey":0,"DefaultScoringCategory":null,"AutoScoringCategory":null}},{"SurveyID":"SV_3reKXHcppX2XbUi","Element":"SO","PrimaryAttribute":"Survey Options","SecondaryAttribute":null,"TertiaryAttribute":null,"Payload":{"BackButton":"true","SaveAndContinue":"true","SurveyProtection":"PublicSurvey","BallotBoxStuffingPrevention":"false","NoIndex":"Yes","SecureResponseFiles":"true","SurveyExpiration":"None","SurveyTermination":"ResponseSummary","Header":"Assignment 3- Group 9","Footer":"SURV 621","ProgressBarDisplay":"VerboseText","PartialData":"+1 week","ValidationMessage":null,"PreviousButton":" \u2190 ","NextButton":" \u2192","SurveyTitle":"Current Employee Survey- UMD Group 9","SkinLibrary":"umd","SkinType":"templated","Skin":{"brandingId":"3587758998","templateId":"*modern","overrides":{"font":{"family":"times new roman, times, serif"},"questionText":{"size":"23px"},"progressBar":{"position":"bottom"}}},"NewScoring":1,"SurveyMetaDescription":"Group 9 from JPSM at UMD is collecting Current Employee Survey data","SurveyName":"Current Employment Survey","EOSMessage":null,"ShowExportTags":"true","CollectGeoLocation":"false","PasswordProtection":"No","AnonymizeResponse":"No","RefererCheck":"No","BallotBoxStuffingPreventionBehavior":null,"BallotBoxStuffingPreventionMessage":null,"BallotBoxStuffingPreventionMessageLibrary":null,"BallotBoxStuffingPreventionURL":null,"RecaptchaV3":"false","ConfirmStart":false,"AutoConfirmStart":false,"RelevantID":"false","RelevantIDLockoutPeriod":"+30 days","UseCustomSurveyLinkCompletedMessage":null,"SurveyLinkCompletedMessage":null,"SurveyLinkCompletedMessageLibrary":null,"ResponseSummary":"Yes","EOSMessageLibrary":null,"EOSRedirectURL":"http:\/\/","EmailThankYou":"false","ThankYouEmailMessageLibrary":null,"ThankYouEmailMessage":null,"ValidateMessage":"false","ValidationMessageLibrary":null,"InactiveSurvey":"DefaultMessage","PartialDeletion":null,"PartialDataCloseAfter":"LastActivity","InactiveMessageLibrary":null,"InactiveMessage":null,"AvailableLanguages":{"EN":[]},"PageTransition":"slide","headerLid":"UR_2mM1L5ZCVJecogm","headerMid":"MS_exj1DQ0L9bo6dHE","footerLid":"UR_2mM1L5ZCVJecogm","footerMid":"MS_2obbNkK4ot0TiHs","ProtectSelectionIds":true}},{"SurveyID":"SV_3reKXHcppX2XbUi","Element":"SQ","PrimaryAttribute":"QID1","SecondaryAttribute":"INTRODUCTION Welcome to the Current Employment Survey. We are seeking to gather information about...","TertiaryAttribute":null,"Payload":{"QuestionText":"<b>INTRODUCTION<\/b><br><br>Welcome to the Current Employment Survey. We are seeking to gather information about the \nemployment status and personal characteristics of survey respondents and the people they live \nwith. <br><br>This study is being conducted by Chris Antoun and Tuba Suzer Gurtekin of the Institute for \nSocial Research and should take approximately 10 minutes to complete. We suggest that you \nfind someplace quiet and away from distractions to take the survey.<br><br>Your responses are voluntary and will remain completely confidential. Only researchers and \nstaff who work on this project will have access to your responses. There are no known risks of \nparticipation.<br>If you are not comfortable answering a question, you may skip it and move on to the next\nquestion. <br><br>Please check the box below, to indicate that you have read this statement in its entirety; that \nyou are at least 18 years of age; that your questions about the research study have been \nanswered to your satisfaction; and that you voluntarily agree to participate in the study. You may \nprint a copy of this consent form if you wish.<br><br><br>","DataExportTag":"Consent","QuestionType":"MC","Selector":"SAVR","SubSelector":"TX","DataVisibility":{"Private":false,"Hidden":false},"Configuration":{"QuestionDescriptionOption":"UseText"},"QuestionDescription":"INTRODUCTION Welcome to the Current Employment Survey. We are seeking to gather information about...","Choices":{"1":{"Display":"I have read this statement in its entirety and affirm the stated conditions"}},"ChoiceOrder":[1],"Validation":{"Settings":{"ForceResponse":"ON","ForceResponseType":"ON","Type":"None"}},"Language":[],"NextChoiceId":3,"NextAnswerId":1,"QuestionID":"QID1"}},{"SurveyID":"SV_3reKXHcppX2XbUi","Element":"SQ","PrimaryAttribute":"QID15","SecondaryAttribute":"In what year ${lm:\/\/Field\/2} were born? [If you don\u2019t know the answer, leave this box blank]","TertiaryAttribute":null,"Payload":{"QuestionText":"In what year ${lm:\/\/Field\/2} were born?\n<br>[If you don\u2019t know the answer, leave this box blank]","DefaultChoices":false,"DataExportTag":"Q4.1","QuestionType":"TE","Selector":"SL","DataVisibility":{"Private":false,"Hidden":false},"Configuration":{"QuestionDescriptionOption":"UseText","InputWidth":129,"InputHeight":29},"QuestionDescription":"In what year ${lm:\/\/Field\/2} were born? [If you don\u2019t know the answer, leave this box blank]","Validation":{"Settings":{"ForceResponse":"OFF","ForceResponseType":"ON","Type":"ContentType","MinChars":"1","ContentType":"ValidNumber","ValidDateType":"DateWithFormat","ValidPhoneType":"ValidUSPhone","ValidZipType":"ValidUSZip","ValidNumber":{"Min":"1920","Max":"2008","NumDecimals":"0"}}},"GradingData":[],"Language":[],"NextChoiceId":1,"NextAnswerId":1,"SearchSource":{"AllowFreeResponse":"false"},"QuestionID":"QID15","DisplayLogic":{"0":{"0":{"LogicType":"LoopAndMerge","LeftOperand":"BL_eDrqjOvr1bj6yiO,1","RightOperand":"lm:\/\/CurrentLoop","Operator":"EqualTo","Type":"Expression","Description":"<span class=\"ConjDesc\">If<\/span> <span class=\"LeftOpDesc\">Loop 1<\/span> <span class=\"RightOpDesc\">Current Loop<\/span>"},"Type":"If"},"Type":"BooleanExpression","inPage":false}}},{"SurveyID":"SV_3reKXHcppX2XbUi","Element":"SQ","PrimaryAttribute":"QID17","SecondaryAttribute":"Even though you may not know ${lm:\/\/Field\/} exact birth year, what is your best guess as to how o...","TertiaryAttribute":null,"Payload":{"QuestionText":"Even though you may not know ${lm:\/\/Field\/}&nbsp;exact birth year, what is your best\nguess as to how old&nbsp;${lm:\/\/Field\/1} on your last birthday?","DefaultChoices":false,"DataExportTag":"Q5","QuestionType":"TE","Selector":"SL","DataVisibility":{"Private":false,"Hidden":false},"Configuration":{"QuestionDescriptionOption":"UseText"},"QuestionDescription":"Even though you may not know ${lm:\/\/Field\/} exact birth year, what is your best guess as to how o...","Validation":{"Settings":{"ForceResponse":"OFF","Type":"ContentType","MinChars":"1","ContentType":"ValidNumber","ValidDateType":"DateWithFormat","ValidPhoneType":"ValidUSPhone","ValidZipType":"ValidUSZip","ValidNumber":{"Min":"16","Max":"","NumDecimals":"1"}}},"GradingData":[],"Language":[],"NextChoiceId":4,"NextAnswerId":1,"SearchSource":{"AllowFreeResponse":"false"},"QuestionID":"QID17","DisplayLogic":{"0":{"0":{"LogicType":"Question","QuestionID":"QID15","QuestionIsInLoop":"yes","LoopAndMergeLoops":"current","LoopTarget":"none","ChoiceLocator":"q:\/\/QID15\/ChoiceTextEntryValue","Operator":"Empty","QuestionIDFromLocator":"QID15","LeftOperand":"q:\/\/QID15\/ChoiceTextEntryValue","Type":"Expression","Description":"<span class=\"ConjDesc\">If<\/span> <span class=\"QuestionDesc\">In what year ${lm:\/\/Field\/2} were born?\n[If you don\u2019t know the answer, leave this box blank]<\/span> <span class=\"LeftOpDesc\">Text Response<\/span> <span class=\"OpDesc\">Is Empty<\/span> "},"1":{"LogicType":"LoopAndMerge","LeftOperand":"BL_eDrqjOvr1bj6yiO,1","RightOperand":"lm:\/\/CurrentLoop","Operator":"EqualTo","Type":"Expression","Description":"<span class=\"ConjDesc\">And<\/span> <span class=\"LeftOpDesc\">Loop 1<\/span> <span class=\"RightOpDesc\">Current Loop<\/span>","Conjuction":"And"},"Type":"If"},"Type":"BooleanExpression","inPage":false}}},{"SurveyID":"SV_3reKXHcppX2XbUi","Element":"SQ","PrimaryAttribute":"QID18","SecondaryAttribute":"What is ${lm:\/\/Field\/3}'s gender?","TertiaryAttribute":null,"Payload":{"QuestionText":"What is&nbsp;${lm:\/\/Field\/3}'s gender?","DefaultChoices":false,"DataExportTag":"Q6.1","QuestionType":"MC","Selector":"SAVR","DataVisibility":{"Private":false,"Hidden":false},"Configuration":{"QuestionDescriptionOption":"UseText","Autoscale":{"YScale":{"Name":"maleFemale","Type":"likert","Reverse":false}}},"QuestionDescription":"What is ${lm:\/\/Field\/3}'s gender?","Choices":{"1":{"Display":"Male"},"2":{"Display":"Female"},"3":{"Display":"Non-binary \/ third gender"},"4":{"Display":"Prefer not to say"}},"ChoiceOrder":[1,2,3,4],"Validation":{"Settings":{"ForceResponse":"OFF","Type":"None"}},"GradingData":[],"Language":[],"NextChoiceId":5,"NextAnswerId":1,"QuestionID":"QID18","SubSelector":"TX","DisplayLogic":{"0":{"0":{"LogicType":"LoopAndMerge","LeftOperand":"BL_eDrqjOvr1bj6yiO,1","RightOperand":"lm:\/\/CurrentLoop","Operator":"EqualTo","Type":"Expression","Description":"<span class=\"ConjDesc\">If<\/span> <span class=\"LeftOpDesc\">Loop 1<\/span> <span class=\"RightOpDesc\">Current Loop<\/span>"},"Type":"If"},"Type":"BooleanExpression","inPage":false}}},{"SurveyID":"SV_3reKXHcppX2XbUi","Element":"SQ","PrimaryAttribute":"QID19","SecondaryAttribute":"Are ${lm:\/\/Field\/2} now\u2026","TertiaryAttribute":null,"Payload":{"QuestionText":"Are ${lm:\/\/Field\/2}&nbsp;now\u2026","DefaultChoices":false,"DataExportTag":"Q7.1","QuestionType":"MC","Selector":"SAVR","SubSelector":"TX","DataVisibility":{"Private":false,"Hidden":false},"Configuration":{"QuestionDescriptionOption":"UseText"},"QuestionDescription":"Are ${lm:\/\/Field\/2} now\u2026","Choices":{"1":{"Display":"Married"},"2":{"Display":"Living with partner"},"3":{"Display":"Widowed"},"4":{"Display":"Divorced"},"5":{"Display":"Separated"},"6":{"Display":"Never married"}},"ChoiceOrder":[1,2,3,4,5,6],"Validation":{"Settings":{"ForceResponse":"OFF","Type":"None"}},"GradingData":[],"Language":[],"NextChoiceId":7,"NextAnswerId":1,"QuestionID":"QID19","DisplayLogic":{"0":{"0":{"LogicType":"LoopAndMerge","LeftOperand":"BL_eDrqjOvr1bj6yiO,1","RightOperand":"lm:\/\/CurrentLoop","Operator":"EqualTo","Type":"Expression","Description":"<span class=\"ConjDesc\">If<\/span> <span class=\"LeftOpDesc\">Loop 1<\/span> <span class=\"RightOpDesc\">Current Loop<\/span>"},"Type":"If"},"Type":"BooleanExpression","inPage":false}}},{"SurveyID":"SV_3reKXHcppX2XbUi","Element":"SQ","PrimaryAttribute":"QID2","SecondaryAttribute":"We want to know a little bit about the people in your household who are old enough to work before...","TertiaryAttribute":null,"Payload":{"QuestionText":"We want to know a little bit about the people in your household who are old enough to \r\nwork before we ask you some questions about their employment status. \r\nIncluding yourself, how many people ages 16 or older live in your household?","DefaultChoices":false,"DataExportTag":"Q1","QuestionType":"MC","Selector":"DL","DataVisibility":{"Private":false,"Hidden":false},"Configuration":{"QuestionDescriptionOption":"UseText"},"QuestionDescription":"We want to know a little bit about the people in your household who are old enough to work before...","Choices":{"2":{"Display":"1"},"3":{"Display":"2"},"4":{"Display":"3"},"5":{"Display":"4 or more"}},"ChoiceOrder":[2,3,4,5],"Validation":{"Settings":{"ForceResponse":"ON","ForceResponseType":"ON","Type":"None"}},"GradingData":[],"Language":[],"NextChoiceId":9,"NextAnswerId":1,"QuestionID":"QID2","RecodeValues":{"2":"1","3":"2","4":"3","5":"4"},"VariableNaming":{"2":"1","3":"2","4":"3","5":"4"}}},{"SurveyID":"SV_3reKXHcppX2XbUi","Element":"SQ","PrimaryAttribute":"QID20","SecondaryAttribute":"What is the highest level of school ${lm:\/\/Field\/2} have completed or the highest degree ...","TertiaryAttribute":null,"Payload":{"QuestionText":"What is the highest level of school&nbsp;${lm:\/\/Field\/2} have completed or the highest\ndegree ${lm:\/\/Field\/2} have received?","DefaultChoices":false,"DataExportTag":"Q8.1","QuestionType":"MC","Selector":"SAVR","SubSelector":"TX","DataVisibility":{"Private":false,"Hidden":false},"Configuration":{"QuestionDescriptionOption":"UseText"},"QuestionDescription":"What is the highest level of school ${lm:\/\/Field\/2} have completed or the highest degree ...","Choices":{"1":{"Display":"Less than a high school degree, no diploma"},"2":{"Display":"High school graduate or the equivalent (for example: GED)"},"3":{"Display":"Some college but no degree"},"4":{"Display":"Associate degree (for example: AA, AAS, ABA)"},"5":{"Display":"Bachelor's degree (for example: BA, AB, BS)"},"6":{"Display":"Master's degree (for example: MA, MS, MEng, MEd, MSW, MBA)"},"7":{"Display":"Professional school degree (for example: MD, DDS, DVM, LLB, JD)"},"8":{"Display":"Doctorate degree (for example: PhD, EdD)"}},"ChoiceOrder":[1,2,3,4,5,6,7,8],"Validation":{"Settings":{"ForceResponse":"OFF","Type":"None"}},"GradingData":[],"Language":[],"NextChoiceId":9,"NextAnswerId":1,"QuestionID":"QID20","DisplayLogic":{"0":{"0":{"LogicType":"LoopAndMerge","LeftOperand":"BL_eDrqjOvr1bj6yiO,1","RightOperand":"lm:\/\/CurrentLoop","Operator":"EqualTo","Type":"Expression","Description":"<span class=\"ConjDesc\">If<\/span> <span class=\"LeftOpDesc\">Loop 1<\/span> <span class=\"RightOpDesc\">Current Loop<\/span>"},"Type":"If"},"Type":"BooleanExpression","inPage":false}}},{"SurveyID":"SV_3reKXHcppX2XbUi","Element":"SQ","PrimaryAttribute":"QID21","SecondaryAttribute":"Are ${lm:\/\/Field\/2} Please select all that apply.","TertiaryAttribute":null,"Payload":{"QuestionText":"Are ${lm:\/\/Field\/2}<br><br><i>Please select all that apply.<\/i><br>","DefaultChoices":false,"DataExportTag":"Q9.1","QuestionType":"MC","Selector":"MAVR","DataVisibility":{"Private":false,"Hidden":false},"Configuration":{"QuestionDescriptionOption":"UseText","NumColumns":2,"LabelPosition":"BELOW"},"QuestionDescription":"Are ${lm:\/\/Field\/2} Please select all that apply.","Choices":{"1":{"Display":"White"},"2":{"Display":"Black or African American"},"3":{"Display":"Hispanic, Latino, or Spanish origin"},"4":{"Display":"American Indian or Alaska Native"},"5":{"Display":"Asian"},"6":{"Display":"Native Hawaiian or Other Pacific Islander"},"7":{"Display":"Other (please specify)","TextEntry":"true"}},"ChoiceOrder":[1,2,3,4,5,6,7],"Validation":{"Settings":{"ForceResponse":"OFF","Type":"None"}},"GradingData":[],"Language":[],"NextChoiceId":8,"NextAnswerId":1,"QuestionID":"QID21","SubSelector":"TX","DisplayLogic":{"0":{"0":{"LogicType":"LoopAndMerge","LeftOperand":"BL_eDrqjOvr1bj6yiO,1","RightOperand":"lm:\/\/CurrentLoop","Operator":"EqualTo","Type":"Expression","Description":"<span class=\"ConjDesc\">If<\/span> <span class=\"LeftOpDesc\">Loop 1<\/span> <span class=\"RightOpDesc\">Current Loop<\/span>"},"Type":"If"},"Type":"BooleanExpression","inPage":false}}},{"SurveyID":"SV_3reKXHcppX2XbUi","Element":"SQ","PrimaryAttribute":"QID23","SecondaryAttribute":"[The rest of our questions relate to work you [or others in your household] may have done last we...","TertiaryAttribute":null,"Payload":{"QuestionText":"[The rest of our questions relate to work you [or others in your household] may have\ndone <b>last week<\/b>. <br>By <b>last week<\/b>, we mean the week beginning on Sunday and ending on\nSaturday.]","DefaultChoices":false,"DataExportTag":"Pre Probe:","QuestionType":"DB","Selector":"TB","DataVisibility":{"Private":false,"Hidden":false},"Configuration":{"QuestionDescriptionOption":"UseText"},"QuestionDescription":"[The rest of our questions relate to work you [or others in your household] may have done last we...","ChoiceOrder":[],"Validation":{"Settings":{"Type":"None"}},"GradingData":[],"Language":[],"NextChoiceId":4,"NextAnswerId":1,"QuestionID":"QID23"}},{"SurveyID":"SV_3reKXHcppX2XbUi","Element":"SQ","PrimaryAttribute":"QID24","SecondaryAttribute":"Last week, did ${lm:\/\/Field\/2} do any work for either pay or profit?","TertiaryAttribute":null,"Payload":{"QuestionText":"Last week, did&nbsp;${lm:\/\/Field\/2} do any work for either pay or profit?","DefaultChoices":false,"DataExportTag":"Q10.1","QuestionType":"MC","Selector":"SAVR","SubSelector":"TX","DataVisibility":{"Private":false,"Hidden":false},"Configuration":{"QuestionDescriptionOption":"UseText","Autoscale":{"YScale":{"Name":"yesNo","Type":"likert","Reverse":true}}},"QuestionDescription":"Last week, did ${lm:\/\/Field\/2} do any work for either pay or profit?","Choices":{"4":{"Display":"Yes"},"5":{"Display":"No"}},"ChoiceOrder":["4","5"],"Validation":{"Settings":{"ForceResponse":"OFF","Type":"None"}},"GradingData":[],"Language":[],"NextChoiceId":6,"NextAnswerId":1,"QuestionID":"QID24","DisplayLogic":{"0":{"0":{"LogicType":"LoopAndMerge","LeftOperand":"BL_brbcy2z6ufTAY6y,1","RightOperand":"lm:\/\/CurrentLoop","Operator":"EqualTo","Type":"Expression","Description":"<span class=\"ConjDesc\">If<\/span> <span class=\"LeftOpDesc\">Loop 1<\/span> <span class=\"RightOpDesc\">Current Loop<\/span>"},"Type":"If"},"Type":"BooleanExpression","inPage":false}}},{"SurveyID":"SV_3reKXHcppX2XbUi","Element":"SQ","PrimaryAttribute":"QID25","SecondaryAttribute":"Last week, did ${lm:\/\/Field\/2} have a job from which ${lm:\/\/Field\/2} were temporarily absent?","TertiaryAttribute":null,"Payload":{"QuestionText":"Last week, did&nbsp;${lm:\/\/Field\/2} have a job from which&nbsp;${lm:\/\/Field\/2} were temporarily absent?","DefaultChoices":false,"DataExportTag":"Q11.1","QuestionType":"MC","Selector":"SAVR","SubSelector":"TX","DataVisibility":{"Private":false,"Hidden":false},"Configuration":{"QuestionDescriptionOption":"UseText","Autoscale":{"YScale":{"Name":"yesNo","Type":"likert","Reverse":true}}},"QuestionDescription":"Last week, did ${lm:\/\/Field\/2} have a job from which ${lm:\/\/Field\/2} were temporarily absent?","Choices":{"4":{"Display":"Yes"},"5":{"Display":"No"}},"ChoiceOrder":["4","5"],"Validation":{"Settings":{"ForceResponse":"OFF","Type":"None"}},"GradingData":[],"Language":[],"NextChoiceId":6,"NextAnswerId":1,"QuestionID":"QID25","DisplayLogic":{"0":{"0":{"LogicType":"Question","QuestionID":"QID24","QuestionIsInLoop":"yes","LoopAndMergeLoops":"current","LoopTarget":"none","ChoiceLocator":"q:\/\/QID24\/SelectableChoice\/5","Operator":"Selected","QuestionIDFromLocator":"QID24","LeftOperand":"q:\/\/QID24\/SelectableChoice\/5","Type":"Expression","Description":"<span class=\"ConjDesc\">If<\/span> <span class=\"QuestionDesc\">Last week, did&amp;nbsp;${lm:\/\/Field\/2} do any work for either pay or profit?<\/span> <span class=\"LeftOpDesc\">No<\/span> <span class=\"OpDesc\">Is Selected<\/span> "},"1":{"LogicType":"Question","QuestionID":"QID24","QuestionIsInLoop":"yes","LoopAndMergeLoops":"current","LoopTarget":"none","ChoiceLocator":"q:\/\/QID24\/SelectableChoice\/5","Operator":"NotDisplayed","QuestionIDFromLocator":"QID24","LeftOperand":"q:\/\/QID24\/ChoiceDisplayed\/5","Type":"Expression","Description":"<span class=\"ConjDesc\">Or<\/span> <span class=\"QuestionDesc\">Last week, did&amp;nbsp;${lm:\/\/Field\/2} do any work for either pay or profit?<\/span> <span class=\"LeftOpDesc\">No<\/span> <span class=\"OpDesc\">Is Not Displayed<\/span> ","Conjuction":"Or"},"2":{"LogicType":"LoopAndMerge","LeftOperand":"BL_brbcy2z6ufTAY6y,1","RightOperand":"lm:\/\/CurrentLoop","Operator":"EqualTo","Type":"Expression","Description":"<span class=\"ConjDesc\">And<\/span> <span class=\"LeftOpDesc\">Loop 1<\/span> <span class=\"RightOpDesc\">Current Loop<\/span>","Conjuction":"And"},"Type":"If"},"Type":"BooleanExpression","inPage":false}}},{"SurveyID":"SV_3reKXHcppX2XbUi","Element":"SQ","PrimaryAttribute":"QID26","SecondaryAttribute":"Last week, did ${lm:\/\/Field\/2} have more than one job, including part-time, evening or weekend wo...","TertiaryAttribute":null,"Payload":{"QuestionText":"Last week, did&nbsp;${lm:\/\/Field\/2} have more than one job, including part-time, evening or\nweekend work?\nInclude any jobs from which&nbsp;${lm:\/\/Field\/2} were temporarily absent.","DefaultChoices":false,"DataExportTag":"Q12.1","QuestionType":"MC","Selector":"SAVR","SubSelector":"TX","DataVisibility":{"Private":false,"Hidden":false},"Configuration":{"QuestionDescriptionOption":"UseText","Autoscale":{"YScale":{"Name":"yesNo","Type":"likert","Reverse":true}}},"QuestionDescription":"Last week, did ${lm:\/\/Field\/2} have more than one job, including part-time, evening or weekend wo...","Choices":{"4":{"Display":"Yes"},"5":{"Display":"No"}},"ChoiceOrder":["4","5"],"Validation":{"Settings":{"ForceResponse":"OFF","Type":"None"}},"GradingData":[],"Language":[],"NextChoiceId":6,"NextAnswerId":1,"QuestionID":"QID26","DisplayLogic":{"0":{"0":{"LogicType":"LoopAndMerge","LeftOperand":"BL_brbcy2z6ufTAY6y,1","RightOperand":"lm:\/\/CurrentLoop","Operator":"EqualTo","Type":"Expression","Description":"<span class=\"ConjDesc\">If<\/span> <span class=\"LeftOpDesc\">Loop 1<\/span> <span class=\"RightOpDesc\">Current Loop<\/span>"},"Type":"If"},"Type":"BooleanExpression","inPage":false}}},{"SurveyID":"SV_3reKXHcppX2XbUi","Element":"SQ","PrimaryAttribute":"QID27","SecondaryAttribute":"Altogether, how many jobs did ${lm:\/\/Field\/2} have last week?","TertiaryAttribute":null,"Payload":{"QuestionText":"Altogether, how many jobs did ${lm:\/\/Field\/2}&nbsp;have last week?","DefaultChoices":false,"DataExportTag":"Q13.1","QuestionType":"MC","Selector":"SAVR","SubSelector":"TX","DataVisibility":{"Private":false,"Hidden":false},"Configuration":{"QuestionDescriptionOption":"UseText"},"QuestionDescription":"Altogether, how many jobs did ${lm:\/\/Field\/2} have last week?","Choices":{"1":{"Display":"1 Job"},"2":{"Display":"2-3 job"},"3":{"Display":"4 or more job"}},"ChoiceOrder":["1","2","3"],"Validation":{"Settings":{"ForceResponse":"OFF","Type":"None"}},"GradingData":[],"Language":[],"NextChoiceId":4,"NextAnswerId":1,"QuestionID":"QID27","DisplayLogic":{"0":{"0":{"LogicType":"Question","QuestionID":"QID26","QuestionIsInLoop":"yes","LoopAndMergeLoops":"current","LoopTarget":"none","ChoiceLocator":"q:\/\/QID26\/SelectableChoice\/4","Operator":"Selected","QuestionIDFromLocator":"QID26","LeftOperand":"q:\/\/QID26\/SelectableChoice\/4","Type":"Expression","Description":"<span class=\"ConjDesc\">If<\/span> <span class=\"QuestionDesc\">Last week, did&amp;nbsp;${lm:\/\/Field\/2} have more than one job, including part-time, evening or\nweekend work?\nInclude any jobs from which&amp;nbsp;${lm:\/\/Field\/2} were temporarily absent.<\/span> <span class=\"LeftOpDesc\">Yes<\/span> <span class=\"OpDesc\">Is Selected<\/span> "},"1":{"LogicType":"LoopAndMerge","LeftOperand":"BL_brbcy2z6ufTAY6y,1","RightOperand":"lm:\/\/CurrentLoop","Operator":"EqualTo","Type":"Expression","Description":"<span class=\"ConjDesc\">And<\/span> <span class=\"LeftOpDesc\">Loop 1<\/span> <span class=\"RightOpDesc\">Current Loop<\/span>","Conjuction":"And"},"Type":"If"},"Type":"BooleanExpression","inPage":false}}},{"SurveyID":"SV_3reKXHcppX2XbUi","Element":"SQ","PrimaryAttribute":"QID28","SecondaryAttribute":"[How\/To the best of your knowledge, how] many hours did ${lm:\/\/Field\/2} work at ${lm:\/\/Field\/3} j...","TertiaryAttribute":null,"Payload":{"QuestionText":"[How\/To the best of your knowledge, how] many hours did ${lm:\/\/Field\/2} work at&nbsp;${lm:\/\/Field\/3} job last week?","DefaultChoices":false,"DataExportTag":"Q14","QuestionID":"QID28","QuestionType":"TE","Selector":"SL","DataVisibility":{"Private":false,"Hidden":false},"Configuration":{"QuestionDescriptionOption":"UseText"},"QuestionDescription":"[How\/To the best of your knowledge, how] many hours did ${lm:\/\/Field\/2} work at ${lm:\/\/Field\/3} j...","Validation":{"Settings":{"ForceResponse":"OFF","Type":"ContentType","MinChars":"1","ContentType":"ValidNumber","ValidDateType":"DateWithFormat","ValidPhoneType":"ValidUSPhone","ValidZipType":"ValidUSZip","ValidNumber":{"Min":"0","Max":"100","NumDecimals":"2"}}},"GradingData":[],"Language":[],"NextChoiceId":4,"NextAnswerId":1,"SearchSource":{"AllowFreeResponse":"false"},"DisplayLogic":{"0":{"0":{"LogicType":"Question","QuestionID":"QID27","QuestionIsInLoop":"yes","LoopAndMergeLoops":"current","LoopTarget":"none","ChoiceLocator":"q:\/\/QID27\/SelectableChoice\/1","Operator":"Selected","QuestionIDFromLocator":"QID27","LeftOperand":"q:\/\/QID27\/SelectableChoice\/1","Type":"Expression","Description":"<span class=\"ConjDesc\">If<\/span> <span class=\"QuestionDesc\">Altogether, how many jobs did ${lm:\/\/Field\/2}&amp;nbsp;have last week?<\/span> <span class=\"LeftOpDesc\">1 Job<\/span> <span class=\"OpDesc\">Is Selected<\/span> "},"1":{"LogicType":"Question","QuestionID":"QID26","QuestionIsInLoop":"yes","LoopAndMergeLoops":"current","LoopTarget":"none","ChoiceLocator":"q:\/\/QID26\/SelectableChoice\/4","Operator":"Selected","QuestionIDFromLocator":"QID26","LeftOperand":"q:\/\/QID26\/SelectableChoice\/4","Type":"Expression","Description":"<span class=\"ConjDesc\">And<\/span> <span class=\"QuestionDesc\">Last week, did&amp;nbsp;${lm:\/\/Field\/2} have more than one job, including part-time, evening or\nweekend work?\nInclude any jobs from which&amp;nbsp;${lm:\/\/Field\/2} were temporarily absent.<\/span> <span class=\"LeftOpDesc\">Yes<\/span> <span class=\"OpDesc\">Is Selected<\/span> ","Conjuction":"And"},"2":{"LogicType":"LoopAndMerge","LeftOperand":"BL_brbcy2z6ufTAY6y,1","RightOperand":"lm:\/\/CurrentLoop","Operator":"EqualTo","Type":"Expression","Description":"<span class=\"ConjDesc\">And<\/span> <span class=\"LeftOpDesc\">Loop 1<\/span> <span class=\"RightOpDesc\">Current Loop<\/span>","Conjuction":"And"},"Type":"If"},"Type":"BooleanExpression","inPage":false}}},{"SurveyID":"SV_3reKXHcppX2XbUi","Element":"SQ","PrimaryAttribute":"QID29","SecondaryAttribute":"How many hours did ${lm:\/\/Field\/2} work at ${lm:\/\/Field\/3}'s main job last week?","TertiaryAttribute":null,"Payload":{"QuestionText":"How many hours did ${lm:\/\/Field\/2} work at&nbsp;${lm:\/\/Field\/3}'s main job last week?","DefaultChoices":false,"DataExportTag":"Q14","QuestionType":"TE","Selector":"SL","DataVisibility":{"Private":false,"Hidden":false},"Configuration":{"QuestionDescriptionOption":"UseText"},"QuestionDescription":"How many hours did ${lm:\/\/Field\/2} work at ${lm:\/\/Field\/3}'s main job last week?","DisplayLogic":{"0":{"0":{"LogicType":"Question","QuestionID":"QID27","QuestionIsInLoop":"yes","LoopAndMergeLoops":"current","LoopTarget":"none","ChoiceLocator":"q:\/\/QID27\/SelectableChoice\/1","Operator":"NotSelected","QuestionIDFromLocator":"QID27","LeftOperand":"q:\/\/QID27\/SelectableChoice\/1","Type":"Expression","Description":"<span class=\"ConjDesc\">If<\/span> <span class=\"QuestionDesc\">Altogether, how many jobs did ${lm:\/\/Field\/2}&amp;nbsp;have last week?<\/span> <span class=\"LeftOpDesc\">1 Job<\/span> <span class=\"OpDesc\">Is Not Selected<\/span> "},"1":{"LogicType":"Question","QuestionID":"QID26","QuestionIsInLoop":"yes","LoopAndMergeLoops":"current","LoopTarget":"none","ChoiceLocator":"q:\/\/QID26\/SelectableChoice\/4","Operator":"Selected","QuestionIDFromLocator":"QID26","LeftOperand":"q:\/\/QID26\/SelectableChoice\/4","Type":"Expression","Description":"<span class=\"ConjDesc\">And<\/span> <span class=\"QuestionDesc\">Last week, did&amp;nbsp;${lm:\/\/Field\/2} have more than one job, including part-time, evening or\nweekend work?\nInclude any jobs from which&amp;nbsp;${lm:\/\/Field\/2} were temporarily absent.<\/span> <span class=\"LeftOpDesc\">Yes<\/span> <span class=\"OpDesc\">Is Selected<\/span> ","Conjuction":"And"},"2":{"LogicType":"LoopAndMerge","LeftOperand":"BL_brbcy2z6ufTAY6y,1","RightOperand":"lm:\/\/CurrentLoop","Operator":"EqualTo","Type":"Expression","Description":"<span class=\"ConjDesc\">And<\/span> <span class=\"LeftOpDesc\">Loop 1<\/span> <span class=\"RightOpDesc\">Current Loop<\/span>","Conjuction":"And"},"Type":"If"},"Type":"BooleanExpression","inPage":false},"Validation":{"Settings":{"ForceResponse":"OFF","Type":"ContentType","MinChars":"1","ContentType":"ValidNumber","ValidDateType":"DateWithFormat","ValidPhoneType":"ValidUSPhone","ValidZipType":"ValidUSZip","ValidNumber":{"Min":"0","Max":"100","NumDecimals":"2"}}},"GradingData":[],"Language":[],"NextChoiceId":4,"NextAnswerId":1,"SearchSource":{"AllowFreeResponse":"false"},"QuestionID":"QID29"}},{"SurveyID":"SV_3reKXHcppX2XbUi","Element":"SQ","PrimaryAttribute":"QID3","SecondaryAttribute":"Please list the first names of the people ages 16 and older in your household starting with yours...","TertiaryAttribute":null,"Payload":{"QuestionText":"Please list the <b>first names<\/b> of the people ages 16 and older in your household starting \nwith yourself<br><br><i>[We will only collect information for 4 of the people in your household. Please list yourself first, then include the 3 oldest people age 16 and older among the remaining members of your household.]<\/i><br><br>","DefaultChoices":{"x2":{"TEXT":{"Text":"you"}}},"DataExportTag":"Q2","QuestionID":"QID3","QuestionType":"TE","Selector":"FORM","DataVisibility":{"Private":false,"Hidden":false},"Configuration":{"QuestionDescriptionOption":"UseText"},"QuestionDescription":"Please list the first names of the people ages 16 and older in your household starting with yours...","Validation":{"Settings":{"ForceResponse":"ON","ForceResponseType":"ON","Type":"None"}},"GradingData":[],"Language":[],"NextChoiceId":6,"NextAnswerId":1,"SearchSource":{"AllowFreeResponse":"false"},"Choices":{"1":{"Display":"Your First Name","TextEntry":"on","TextEntryValidation":"ValidTextOnly"},"2":{"Display":"Person #2","TextEntry":"on","TextEntryValidation":"ValidTextOnly"},"3":{"Display":"Person #3","TextEntry":"on","TextEntryValidation":"ValidTextOnly"},"4":{"Display":"Person #4","TextEntry":"on","TextEntryValidation":"ValidTextOnly"}},"ChoiceOrder":[1,2,3,4],"QuestionJS":"Qualtrics.SurveyEngine.addOnload(function() {\n    var numFields = parseInt(\"${q:\/\/QID2\/SelectedChoicesRecode}\");  \/\/ Replace QID1 with your actual Q1 ID\n    var formFields = jQuery(\".InputText\");  \/\/ Select all text entry fields\n    var fieldLabels = jQuery(\".qti-label-wrapper\");  \/\/ Select the labels for each text entry field\n\n    formFields.hide();  \/\/ Hide all entry fields initially\n    fieldLabels.hide();  \/\/ Hide all labels initially\n\n    \/\/ Limit numFields to a maximum of 4\n    numFields = Math.min(numFields, 4);\n\n    \/\/ Show only the required number of text entry fields and their labels\n    for (var i = 0; i < numFields; i++) {\n        jQuery(formFields[i]).show();\n        jQuery(fieldLabels[i]).show();\n    }\n});\n\n\n\n\n\nQualtrics.SurveyEngine.addOnReady(function()\n{\n\t\/*Place your JavaScript here to run when the page is fully displayed*\/\n\n});\n\nQualtrics.SurveyEngine.addOnUnload(function()\n{\n\t\/*Place your JavaScript here to run when the page is unloaded*\/\n\n});","DynamicChoicesData":[],"DisplayLogic":{"0":{"0":{"ChoiceLocator":"q:\/\/QID2\/SelectableChoice\/3","Description":"<span class=\"ConjDesc\">If<\/span> <span class=\"QuestionDesc\">We want to know a little bit about the people in your household who are old enough to work before...<\/span> <span class=\"LeftOpDesc\">2<\/span> <span class=\"OpDesc\">Is Selected<\/span> ","LeftOperand":"q:\/\/QID2\/SelectableChoice\/3","LogicType":"Question","Operator":"Selected","QuestionID":"QID2","QuestionIDFromLocator":"QID2","QuestionIsInLoop":"no","Type":"Expression"},"1":{"ChoiceLocator":"q:\/\/QID2\/SelectableChoice\/4","Conjuction":"Or","Description":"<span class=\"ConjDesc\">Or<\/span> <span class=\"QuestionDesc\">We want to know a little bit about the people in your household who are old enough to work before...<\/span> <span class=\"LeftOpDesc\">3<\/span> <span class=\"OpDesc\">Is Selected<\/span> ","LeftOperand":"q:\/\/QID2\/SelectableChoice\/4","LogicType":"Question","Operator":"Selected","QuestionID":"QID2","QuestionIDFromLocator":"QID2","QuestionIsInLoop":"no","Type":"Expression"},"2":{"ChoiceLocator":"q:\/\/QID2\/SelectableChoice\/5","Conjuction":"Or","Description":"<span class=\"ConjDesc\">Or<\/span> <span class=\"QuestionDesc\">We want to know a little bit about the people in your household who are old enough to work before...<\/span> <span class=\"LeftOpDesc\">4 or more<\/span> <span class=\"OpDesc\">Is Selected<\/span> ","LeftOperand":"q:\/\/QID2\/SelectableChoice\/5","LogicType":"Question","Operator":"Selected","QuestionID":"QID2","QuestionIDFromLocator":"QID2","QuestionIsInLoop":"no","Type":"Expression"},"Type":"If"},"Type":"BooleanExpression","inPage":false}}},{"SurveyID":"SV_3reKXHcppX2XbUi","Element":"SQ","PrimaryAttribute":"QID30","SecondaryAttribute":"Is this more, less, or about the same amount of time ${lm:\/\/Field\/2} would work at ...","TertiaryAttribute":null,"Payload":{"QuestionText":"Is this more, less, or about the same amount of time&nbsp;${lm:\/\/Field\/2} would work at\n${lm:\/\/Field\/3}&nbsp;job in a typical week?","DefaultChoices":false,"DataExportTag":"Q14.2","QuestionID":"QID30","QuestionType":"MC","Selector":"SAVR","SubSelector":"TX","DataVisibility":{"Private":false,"Hidden":false},"Configuration":{"QuestionDescriptionOption":"UseText"},"QuestionDescription":"Is this more, less, or about the same amount of time ${lm:\/\/Field\/2} would work at ...","Choices":{"4":{"Display":"More"},"5":{"Display":"About the same"},"6":{"Display":"Less"}},"DisplayLogic":{"0":{"0":{"LogicType":"Question","QuestionID":"QID27","QuestionIsInLoop":"yes","LoopAndMergeLoops":"current","LoopTarget":"none","ChoiceLocator":"q:\/\/QID27\/SelectableChoice\/1","Operator":"Selected","QuestionIDFromLocator":"QID27","LeftOperand":"q:\/\/QID27\/SelectableChoice\/1","Type":"Expression","Description":"<span class=\"ConjDesc\">If<\/span> <span class=\"QuestionDesc\">Altogether, how many jobs did ${lm:\/\/Field\/2}&amp;nbsp;have last week?<\/span> <span class=\"LeftOpDesc\">1 Job<\/span> <span class=\"OpDesc\">Is Selected<\/span> "},"1":{"LogicType":"Question","QuestionID":"QID26","QuestionIsInLoop":"yes","LoopAndMergeLoops":"current","LoopTarget":"none","ChoiceLocator":"q:\/\/QID26\/SelectableChoice\/4","Operator":"Selected","QuestionIDFromLocator":"QID26","LeftOperand":"q:\/\/QID26\/SelectableChoice\/4","Type":"Expression","Description":"<span class=\"ConjDesc\">And<\/span> <span class=\"QuestionDesc\">Last week, did&amp;nbsp;${lm:\/\/Field\/2} have more than one job, including part-time, evening or\nweekend work?\nInclude any jobs from which&amp;nbsp;${lm:\/\/Field\/2} were temporarily absent.<\/span> <span class=\"LeftOpDesc\">Yes<\/span> <span class=\"OpDesc\">Is Selected<\/span> ","Conjuction":"And"},"2":{"LogicType":"LoopAndMerge","LeftOperand":"BL_brbcy2z6ufTAY6y,1","RightOperand":"lm:\/\/CurrentLoop","Operator":"EqualTo","Type":"Expression","Description":"<span class=\"ConjDesc\">And<\/span> <span class=\"LeftOpDesc\">Loop 1<\/span> <span class=\"RightOpDesc\">Current Loop<\/span>","Conjuction":"And"},"Type":"If"},"Type":"BooleanExpression","inPage":false},"ChoiceOrder":["4","5","6"],"Validation":{"Settings":{"ForceResponse":"OFF","Type":"None"}},"GradingData":[],"Language":[],"NextChoiceId":4,"NextAnswerId":1}},{"SurveyID":"SV_3reKXHcppX2XbUi","Element":"SQ","PrimaryAttribute":"QID31","SecondaryAttribute":"Is this more, less, or about the same amount of time ${lm:\/\/Field\/2} would work at ...","TertiaryAttribute":null,"Payload":{"QuestionText":"Is this more, less, or about the same amount of time ${lm:\/\/Field\/2} would work at ${lm:\/\/Field\/3}'s main job in a typical week?","DefaultChoices":false,"DataExportTag":"Q14.1A","QuestionID":"QID31","QuestionType":"MC","Selector":"SAVR","SubSelector":"TX","DataVisibility":{"Private":false,"Hidden":false},"Configuration":{"QuestionDescriptionOption":"UseText"},"QuestionDescription":"Is this more, less, or about the same amount of time ${lm:\/\/Field\/2} would work at ...","Choices":{"4":{"Display":"More"},"5":{"Display":"About the same"},"6":{"Display":"Less"}},"DisplayLogic":{"0":{"0":{"LogicType":"Question","QuestionID":"QID27","QuestionIsInLoop":"yes","LoopAndMergeLoops":"current","LoopTarget":"none","ChoiceLocator":"q:\/\/QID27\/SelectableChoice\/1","Operator":"NotSelected","QuestionIDFromLocator":"QID27","LeftOperand":"q:\/\/QID27\/SelectableChoice\/1","Type":"Expression","Description":"<span class=\"ConjDesc\">If<\/span> <span class=\"QuestionDesc\">Altogether, how many jobs did ${lm:\/\/Field\/2}&amp;nbsp;have last week?<\/span> <span class=\"LeftOpDesc\">1 Job<\/span> <span class=\"OpDesc\">Is Not Selected<\/span> "},"1":{"LogicType":"Question","QuestionID":"QID26","QuestionIsInLoop":"yes","LoopAndMergeLoops":"current","LoopTarget":"none","ChoiceLocator":"q:\/\/QID26\/SelectableChoice\/4","Operator":"Selected","QuestionIDFromLocator":"QID26","LeftOperand":"q:\/\/QID26\/SelectableChoice\/4","Type":"Expression","Description":"<span class=\"ConjDesc\">And<\/span> <span class=\"QuestionDesc\">Last week, did&amp;nbsp;${lm:\/\/Field\/2} have more than one job, including part-time, evening or\nweekend work?\nInclude any jobs from which&amp;nbsp;${lm:\/\/Field\/2} were temporarily absent.<\/span> <span class=\"LeftOpDesc\">Yes<\/span> <span class=\"OpDesc\">Is Selected<\/span> ","Conjuction":"And"},"2":{"LogicType":"LoopAndMerge","LeftOperand":"BL_brbcy2z6ufTAY6y,1","RightOperand":"lm:\/\/CurrentLoop","Operator":"EqualTo","Type":"Expression","Description":"<span class=\"ConjDesc\">And<\/span> <span class=\"LeftOpDesc\">Loop 1<\/span> <span class=\"RightOpDesc\">Current Loop<\/span>","Conjuction":"And"},"Type":"If"},"Type":"BooleanExpression","inPage":false},"ChoiceOrder":["4","5","6"],"Validation":{"Settings":{"ForceResponse":"OFF","Type":"None"}},"GradingData":[],"Language":[],"NextChoiceId":4,"NextAnswerId":1}},{"SurveyID":"SV_3reKXHcppX2XbUi","Element":"SQ","PrimaryAttribute":"QID32","SecondaryAttribute":"To the best of your knowledge, how many hours did ${lm:\/\/Field\/2} work at other jobs last week?","TertiaryAttribute":null,"Payload":{"QuestionText":"To the best of your knowledge, how many hours did&nbsp;${lm:\/\/Field\/2} work at other jobs last week?","DefaultChoices":false,"DataExportTag":"Q15.1","QuestionID":"QID32","QuestionType":"TE","Selector":"SL","DataVisibility":{"Private":false,"Hidden":false},"Configuration":{"QuestionDescriptionOption":"UseText"},"QuestionDescription":"To the best of your knowledge, how many hours did ${lm:\/\/Field\/2} work at other jobs last week?","Validation":{"Settings":{"ForceResponse":"OFF","Type":"ContentType","MinChars":"1","ContentType":"ValidNumber","ValidDateType":"DateWithFormat","ValidPhoneType":"ValidUSPhone","ValidZipType":"ValidUSZip","ValidNumber":{"Min":"0","Max":"100","NumDecimals":"2"}}},"GradingData":[],"Language":[],"NextChoiceId":4,"NextAnswerId":1,"SearchSource":{"AllowFreeResponse":"false"},"DisplayLogic":{"0":{"0":{"LogicType":"Question","QuestionID":"QID27","QuestionIsInLoop":"yes","LoopAndMergeLoops":"current","LoopTarget":"none","ChoiceLocator":"q:\/\/QID27\/SelectableChoice\/2","Operator":"Selected","QuestionIDFromLocator":"QID27","LeftOperand":"q:\/\/QID27\/SelectableChoice\/2","Type":"Expression","Description":"<span class=\"ConjDesc\">If<\/span> <span class=\"QuestionDesc\">Altogether, how many jobs did ${lm:\/\/Field\/2}&amp;nbsp;have last week?<\/span> <span class=\"LeftOpDesc\">2-3 job<\/span> <span class=\"OpDesc\">Is Selected<\/span> "},"1":{"LogicType":"Question","QuestionID":"QID27","QuestionIsInLoop":"yes","LoopAndMergeLoops":"current","LoopTarget":"none","ChoiceLocator":"q:\/\/QID27\/SelectableChoice\/3","Operator":"Selected","QuestionIDFromLocator":"QID27","LeftOperand":"q:\/\/QID27\/SelectableChoice\/3","Type":"Expression","Description":"<span class=\"ConjDesc\">Or<\/span> <span class=\"QuestionDesc\">Altogether, how many jobs did ${lm:\/\/Field\/2}&amp;nbsp;have last week?<\/span> <span class=\"LeftOpDesc\">4 or more job<\/span> <span class=\"OpDesc\">Is Selected<\/span> ","Conjuction":"Or"},"2":{"LogicType":"Question","QuestionID":"QID26","QuestionIsInLoop":"yes","LoopAndMergeLoops":"current","LoopTarget":"none","ChoiceLocator":"q:\/\/QID26\/SelectableChoice\/4","Operator":"Selected","QuestionIDFromLocator":"QID26","LeftOperand":"q:\/\/QID26\/SelectableChoice\/4","Type":"Expression","Description":"<span class=\"ConjDesc\">And<\/span> <span class=\"QuestionDesc\">Last week, did&amp;nbsp;${lm:\/\/Field\/2} have more than one job, including part-time, evening or\nweekend work?\nInclude any jobs from which&amp;nbsp;${lm:\/\/Field\/2} were temporarily absent.<\/span> <span class=\"LeftOpDesc\">Yes<\/span> <span class=\"OpDesc\">Is Selected<\/span> ","Conjuction":"And"},"3":{"LogicType":"LoopAndMerge","LeftOperand":"BL_brbcy2z6ufTAY6y,1","RightOperand":"lm:\/\/CurrentLoop","Operator":"EqualTo","Type":"Expression","Description":"<span class=\"ConjDesc\">And<\/span> <span class=\"LeftOpDesc\">Loop 1<\/span> <span class=\"RightOpDesc\">Current Loop<\/span>","Conjuction":"And"},"Type":"If"},"Type":"BooleanExpression","inPage":false}}},{"SurveyID":"SV_3reKXHcppX2XbUi","Element":"SQ","PrimaryAttribute":"QID33","SecondaryAttribute":"Is this more, less, or about the same amount of time ${lm:\/\/Field\/2} would work at ...","TertiaryAttribute":null,"Payload":{"QuestionText":"Is this more, less, or about the same amount of time&nbsp;${lm:\/\/Field\/2} would work at&nbsp;${lm:\/\/Field\/3} other jobs in a typical week?","DefaultChoices":false,"DataExportTag":"Q15.1A","QuestionID":"QID33","QuestionType":"MC","Selector":"SAVR","SubSelector":"TX","DataVisibility":{"Private":false,"Hidden":false},"Configuration":{"QuestionDescriptionOption":"UseText"},"QuestionDescription":"Is this more, less, or about the same amount of time ${lm:\/\/Field\/2} would work at ...","Choices":{"1":{"Display":"More"},"2":{"Display":"About the same"},"3":{"Display":"Less"}},"ChoiceOrder":["1","2","3"],"Validation":{"Settings":{"ForceResponse":"OFF","Type":"None"}},"GradingData":[],"Language":[],"NextChoiceId":4,"NextAnswerId":1,"DisplayLogic":{"0":{"0":{"LogicType":"Question","QuestionID":"QID27","QuestionIsInLoop":"yes","LoopAndMergeLoops":"current","LoopTarget":"none","ChoiceLocator":"q:\/\/QID27\/SelectableChoice\/1","Operator":"NotSelected","QuestionIDFromLocator":"QID27","LeftOperand":"q:\/\/QID27\/SelectableChoice\/1","Type":"Expression","Description":"<span class=\"ConjDesc\">If<\/span> <span class=\"QuestionDesc\">Altogether, how many jobs did ${lm:\/\/Field\/2}&amp;nbsp;have last week?<\/span> <span class=\"LeftOpDesc\">1 Job<\/span> <span class=\"OpDesc\">Is Not Selected<\/span> "},"1":{"LogicType":"Question","QuestionID":"QID26","QuestionIsInLoop":"yes","LoopAndMergeLoops":"current","LoopTarget":"none","ChoiceLocator":"q:\/\/QID26\/SelectableChoice\/4","Operator":"Selected","QuestionIDFromLocator":"QID26","LeftOperand":"q:\/\/QID26\/SelectableChoice\/4","Type":"Expression","Description":"<span class=\"ConjDesc\">And<\/span> <span class=\"QuestionDesc\">Last week, did&amp;nbsp;${lm:\/\/Field\/2} have more than one job, including part-time, evening or\nweekend work?\nInclude any jobs from which&amp;nbsp;${lm:\/\/Field\/2} were temporarily absent.<\/span> <span class=\"LeftOpDesc\">Yes<\/span> <span class=\"OpDesc\">Is Selected<\/span> ","Conjuction":"And"},"2":{"LogicType":"LoopAndMerge","LeftOperand":"BL_brbcy2z6ufTAY6y,1","RightOperand":"lm:\/\/CurrentLoop","Operator":"EqualTo","Type":"Expression","Description":"<span class=\"ConjDesc\">And<\/span> <span class=\"LeftOpDesc\">Loop 1<\/span> <span class=\"RightOpDesc\">Current Loop<\/span>","Conjuction":"And"},"Type":"If"},"Type":"BooleanExpression","inPage":false}}},{"SurveyID":"SV_3reKXHcppX2XbUi","Element":"SQ","PrimaryAttribute":"QID34","SecondaryAttribute":"How much\u00a0${lm:\/\/Field\/2} usually earn per week at\u00a0${lm:\/\/Field\/3} job before any taxes or deducti.","TertiaryAttribute":null,"Payload":{"QuestionText":"How much&nbsp;${lm:\/\/Field\/2} usually earn per week at&nbsp;${lm:\/\/Field\/3} job\nbefore any taxes or deductions?\n<br><br><i>Include any overtime pay, commissions, or tips usually received.\n<\/i><br><i>Report in whole numbers. Do not include \u201c$\u201d or \u201c,\u201d.<\/i>","DefaultChoices":false,"DataExportTag":"Q16.1","QuestionType":"TE","Selector":"SL","DataVisibility":{"Private":false,"Hidden":false},"Configuration":{"QuestionDescriptionOption":"UseText"},"QuestionDescription":"How much\u00a0${lm:\/\/Field\/2} usually earn per week at\u00a0${lm:\/\/Field\/3} job before any taxes or deducti...","Validation":{"Settings":{"ForceResponse":"OFF","Type":"ContentType","MinChars":"1","ContentType":"ValidNumber","ValidDateType":"DateWithFormat","ValidPhoneType":"ValidUSPhone","ValidZipType":"ValidUSZip","ValidNumber":{"Min":"","Max":"","NumDecimals":"0"}}},"GradingData":[],"Language":[],"NextChoiceId":4,"NextAnswerId":1,"SearchSource":{"AllowFreeResponse":"false"},"QuestionID":"QID34","DisplayLogic":{"0":{"0":{"LogicType":"Question","QuestionID":"QID27","QuestionIsInLoop":"yes","LoopAndMergeLoops":"current","LoopTarget":"none","ChoiceLocator":"q:\/\/QID27\/SelectableChoice\/1","Operator":"Selected","QuestionIDFromLocator":"QID27","LeftOperand":"q:\/\/QID27\/SelectableChoice\/1","Type":"Expression","Description":"<span class=\"ConjDesc\">If<\/span> <span class=\"QuestionDesc\">Altogether, how many jobs did ${lm:\/\/Field\/2}&amp;nbsp;have last week?<\/span> <span class=\"LeftOpDesc\">1 Job<\/span> <span class=\"OpDesc\">Is Selected<\/span> "},"1":{"LogicType":"Question","QuestionID":"QID26","QuestionIsInLoop":"yes","LoopAndMergeLoops":"current","LoopTarget":"none","ChoiceLocator":"q:\/\/QID26\/SelectableChoice\/4","Operator":"Selected","QuestionIDFromLocator":"QID26","LeftOperand":"q:\/\/QID26\/SelectableChoice\/4","Type":"Expression","Description":"<span class=\"ConjDesc\">And<\/span> <span class=\"QuestionDesc\">Last week, did&amp;nbsp;${lm:\/\/Field\/2} have more than one job, including part-time, evening or\nweekend work?\nInclude any jobs from which&amp;nbsp;${lm:\/\/Field\/2} were temporarily absent.<\/span> <span class=\"LeftOpDesc\">Yes<\/span> <span class=\"OpDesc\">Is Selected<\/span> ","Conjuction":"And"},"2":{"LogicType":"LoopAndMerge","LeftOperand":"BL_brbcy2z6ufTAY6y,1","RightOperand":"lm:\/\/CurrentLoop","Operator":"EqualTo","Type":"Expression","Description":"<span class=\"ConjDesc\">And<\/span> <span class=\"LeftOpDesc\">Loop 1<\/span> <span class=\"RightOpDesc\">Current Loop<\/span>","Conjuction":"And"},"Type":"If"},"Type":"BooleanExpression","inPage":false}}},{"SurveyID":"SV_3reKXHcppX2XbUi","Element":"SQ","PrimaryAttribute":"QID35","SecondaryAttribute":"How much do ${lm:\/\/Field\/2} usually earn per week at\u00a0${lm:\/\/Field\/3} main job before any taxes or..","TertiaryAttribute":null,"Payload":{"QuestionText":"How much do ${lm:\/\/Field\/2} usually earn per week at&nbsp;${lm:\/\/Field\/3} main job\nbefore any taxes or deductions?\n<br><br><i>Include any overtime pay, commissions, or tips usually received.\n<\/i><br><i>Report in whole numbers. Do not include \u201c$\u201d or \u201c,\u201d.<\/i>","DefaultChoices":false,"DataExportTag":"Q16.1A","QuestionType":"TE","Selector":"SL","DataVisibility":{"Private":false,"Hidden":false},"Configuration":{"QuestionDescriptionOption":"UseText"},"QuestionDescription":"How much do ${lm:\/\/Field\/2} usually earn per week at\u00a0${lm:\/\/Field\/3} main job before any taxes or...","DisplayLogic":{"0":{"0":{"LogicType":"Question","QuestionID":"QID27","QuestionIsInLoop":"yes","LoopAndMergeLoops":"current","LoopTarget":"none","ChoiceLocator":"q:\/\/QID27\/SelectableChoice\/1","Operator":"NotSelected","QuestionIDFromLocator":"QID27","LeftOperand":"q:\/\/QID27\/SelectableChoice\/1","Type":"Expression","Description":"<span class=\"ConjDesc\">If<\/span> <span class=\"QuestionDesc\">Altogether, how many jobs did ${lm:\/\/Field\/2}&amp;nbsp;have last week?<\/span> <span class=\"LeftOpDesc\">1 Job<\/span> <span class=\"OpDesc\">Is Not Selected<\/span> "},"1":{"LogicType":"Question","QuestionID":"QID26","QuestionIsInLoop":"yes","LoopAndMergeLoops":"current","LoopTarget":"none","ChoiceLocator":"q:\/\/QID26\/SelectableChoice\/4","Operator":"Selected","QuestionIDFromLocator":"QID26","LeftOperand":"q:\/\/QID26\/SelectableChoice\/4","Type":"Expression","Description":"<span class=\"ConjDesc\">And<\/span> <span class=\"QuestionDesc\">Last week, did&amp;nbsp;${lm:\/\/Field\/2} have more than one job, including part-time, evening or\nweekend work?\nInclude any jobs from which&amp;nbsp;${lm:\/\/Field\/2} were temporarily absent.<\/span> <span class=\"LeftOpDesc\">Yes<\/span> <span class=\"OpDesc\">Is Selected<\/span> ","Conjuction":"And"},"2":{"LogicType":"LoopAndMerge","LeftOperand":"BL_brbcy2z6ufTAY6y,1","RightOperand":"lm:\/\/CurrentLoop","Operator":"EqualTo","Type":"Expression","Description":"<span class=\"ConjDesc\">And<\/span> <span class=\"LeftOpDesc\">Loop 1<\/span> <span class=\"RightOpDesc\">Current Loop<\/span>","Conjuction":"And"},"Type":"If"},"Type":"BooleanExpression","inPage":false},"Validation":{"Settings":{"ForceResponse":"OFF","Type":"ContentType","MinChars":"1","ContentType":"ValidNumber","ValidDateType":"DateWithFormat","ValidPhoneType":"ValidUSPhone","ValidZipType":"ValidUSZip","ValidNumber":{"Min":"","Max":"","NumDecimals":"0"}}},"GradingData":[],"Language":[],"NextChoiceId":4,"NextAnswerId":1,"SearchSource":{"AllowFreeResponse":"false"},"QuestionID":"QID35"}},{"SurveyID":"SV_3reKXHcppX2XbUi","Element":"SQ","PrimaryAttribute":"QID36","SecondaryAttribute":"What was your household\u2019s total combined income before taxes during the past 12 months? This incl.","TertiaryAttribute":null,"Payload":{"QuestionText":"What was your household\u2019s total combined income before taxes during the <b>past 12\nmonths<\/b>?\n<br><br><br><i>This includes money from jobs, net income from business, farm or rent, pensions,\ndividends, interest, social security payments and any other money income received.\n<br><br>Report in whole numbers. Do not include \u201c$\u201d or \u201c,\u201d. Your best estimate is fine.\n<\/i><br><br>ENTER NUMBER 0-2,000,000","DefaultChoices":false,"DataExportTag":"Q17A","QuestionType":"TE","Selector":"SL","DataVisibility":{"Private":false,"Hidden":false},"Configuration":{"QuestionDescriptionOption":"UseText"},"QuestionDescription":"What was your household\u2019s total combined income before taxes during the past 12 months? This incl...","Validation":{"Settings":{"ForceResponse":"OFF","Type":"ContentType","MinChars":"1","ContentType":"ValidNumber","ValidDateType":"DateWithFormat","ValidPhoneType":"ValidUSPhone","ValidZipType":"ValidUSZip","ValidNumber":{"Min":"0","Max":"2000000","NumDecimals":"0"}}},"GradingData":[],"Language":[],"NextChoiceId":4,"NextAnswerId":1,"SearchSource":{"AllowFreeResponse":"false"},"QuestionID":"QID36"}},{"SurveyID":"SV_3reKXHcppX2XbUi","Element":"SQ","PrimaryAttribute":"QID37","SecondaryAttribute":"Which category represents your household\u2019s total combined income before taxes during the past 12..","TertiaryAttribute":null,"Payload":{"QuestionText":"Which category represents your household\u2019s total combined income before taxes during\nthe <b>past 12 months<\/b>?\n<br><br><br><i>This includes money from jobs, net income from business, farm or rent, pensions,\ndividends, interest, social security payments and any other money income received.<\/i>","DefaultChoices":false,"DataExportTag":"Q17B","QuestionType":"MC","Selector":"SAVR","SubSelector":"TX","DataVisibility":{"Private":false,"Hidden":false},"Configuration":{"QuestionDescriptionOption":"UseText"},"QuestionDescription":"Which category represents your household\u2019s total combined income before taxes during the past 12...","Choices":{"1":{"Display":"Less than $5,000"},"2":{"Display":"$5,000 to $7,499"},"3":{"Display":"$7,500 to $9,999"},"4":{"Display":"$10,000 to $12,499"},"5":{"Display":"$12,500 to $14,999"},"6":{"Display":"$15,000 to $19,999"},"7":{"Display":"$20,000 to $24,999"},"8":{"Display":"$25,000 to $29,999"},"9":{"Display":"$30,000 to $34,999"},"10":{"Display":"$35,000 to $39,999"},"11":{"Display":"$40,000 to $49,999"},"12":{"Display":"$50,000 to $59,999"},"13":{"Display":"$60,000 to $74,999"},"14":{"Display":"$75,000 to $99,999"},"15":{"Display":"$100,000 to $149,999"},"16":{"Display":"$150,000 or more"},"17":{"Display":"I don't know the answer"},"18":{"Display":"I prefer not to answer"}},"ChoiceOrder":[1,2,3,4,5,6,7,8,9,10,11,12,13,14,15,16,17,18],"Validation":{"Settings":{"ForceResponse":"OFF","Type":"None"}},"GradingData":[],"Language":[],"NextChoiceId":19,"NextAnswerId":1,"QuestionID":"QID37"}},{"SurveyID":"SV_3reKXHcppX2XbUi","Element":"SQ","PrimaryAttribute":"QID38","SecondaryAttribute":"In what year ${lm:\/\/Field\/1} was born? [If you don\u2019t know the answer, leave this box blank]","TertiaryAttribute":null,"Payload":{"QuestionText":"In what year ${lm:\/\/Field\/1} was born?\n<br>[If you don\u2019t know the answer, leave this box blank]","DefaultChoices":false,"DataExportTag":"Q4.2","QuestionType":"TE","Selector":"SL","DataVisibility":{"Private":false,"Hidden":false},"Configuration":{"QuestionDescriptionOption":"UseText","InputWidth":129,"InputHeight":29},"QuestionDescription":"In what year ${lm:\/\/Field\/1} was born? [If you don\u2019t know the answer, leave this box blank]","Validation":{"Settings":{"ForceResponse":"OFF","ForceResponseType":"ON","Type":"ContentType","MinChars":"1","ContentType":"ValidNumber","ValidDateType":"DateWithFormat","ValidPhoneType":"ValidUSPhone","ValidZipType":"ValidUSZip","ValidNumber":{"Min":"1920","Max":"2008","NumDecimals":"0"}}},"GradingData":[],"Language":[],"NextChoiceId":1,"NextAnswerId":1,"SearchSource":{"AllowFreeResponse":"false"},"QuestionID":"QID38","DisplayLogic":{"0":{"0":{"Description":"<span class=\"ConjDesc\">If<\/span> <span class=\"LeftOpDesc\">Loop 1<\/span> <span class=\"RightOpDesc\">Not Current Loop<\/span>","LeftOperand":"BL_eDrqjOvr1bj6yiO,1","LogicType":"LoopAndMerge","Operator":"NotEqualTo","RightOperand":"lm:\/\/CurrentLoop","Type":"Expression"},"Type":"If"},"Type":"BooleanExpression","inPage":false}}},{"SurveyID":"SV_3reKXHcppX2XbUi","Element":"SQ","PrimaryAttribute":"QID39","SecondaryAttribute":"Even though you may not know ${lm:\/\/Field\/1} exact birth year, what is your best guess as to how...","TertiaryAttribute":null,"Payload":{"QuestionText":"Even though you may not know ${lm:\/\/Field\/1}&nbsp;exact birth year, what is your best\nguess as to how old&nbsp;${lm:\/\/Field\/1} on your last birthday?","DefaultChoices":false,"DataExportTag":"Q5","QuestionType":"TE","Selector":"SL","DataVisibility":{"Private":false,"Hidden":false},"Configuration":{"QuestionDescriptionOption":"UseText"},"QuestionDescription":"Even though you may not know ${lm:\/\/Field\/1} exact birth year, what is your best guess as to how...","DisplayLogic":{"0":{"0":{"ChoiceLocator":"q:\/\/QID38\/ChoiceTextEntryValue","Description":"<span class=\"ConjDesc\">If<\/span> <span class=\"QuestionDesc\">In what year ${lm:\/\/Field\/1} was born?\n[If you don\u2019t know the answer, leave this box blank]<\/span> <span class=\"LeftOpDesc\">Text Response<\/span> <span class=\"OpDesc\">Is Empty<\/span> ","LeftOperand":"q:\/\/QID38\/ChoiceTextEntryValue","LogicType":"Question","LoopAndMergeLoops":"current","LoopTarget":"none","Operator":"Empty","QuestionID":"QID38","QuestionIDFromLocator":"QID38","QuestionIsInLoop":"yes","Type":"Expression"},"1":{"Conjuction":"And","Description":"<span class=\"ConjDesc\">And<\/span> <span class=\"LeftOpDesc\">Loop 1<\/span> <span class=\"RightOpDesc\">Not Current Loop<\/span>","LeftOperand":"BL_eDrqjOvr1bj6yiO,1","LogicType":"LoopAndMerge","Operator":"NotEqualTo","RightOperand":"lm:\/\/CurrentLoop","Type":"Expression"},"Type":"If"},"Type":"BooleanExpression","inPage":false},"Validation":{"Settings":{"ForceResponse":"OFF","Type":"ContentType","MinChars":"1","ContentType":"ValidNumber","ValidDateType":"DateWithFormat","ValidPhoneType":"ValidUSPhone","ValidZipType":"ValidUSZip","ValidNumber":{"Min":"16","Max":"","NumDecimals":"1"}}},"GradingData":[],"Language":[],"NextChoiceId":4,"NextAnswerId":1,"SearchSource":{"AllowFreeResponse":"false"},"QuestionID":"QID39"}},{"SurveyID":"SV_3reKXHcppX2XbUi","Element":"SQ","PrimaryAttribute":"QID40","SecondaryAttribute":"What is ${lm:\/\/Field\/1}'s gender?","TertiaryAttribute":null,"Payload":{"QuestionText":"What is&nbsp;${lm:\/\/Field\/1}'s gender?","DefaultChoices":false,"DataExportTag":"Q6.2","QuestionType":"MC","Selector":"SAVR","SubSelector":"TX","DataVisibility":{"Private":false,"Hidden":false},"Configuration":{"QuestionDescriptionOption":"UseText","Autoscale":{"YScale":{"Name":"maleFemale","Type":"likert","Reverse":false}}},"QuestionDescription":"What is ${lm:\/\/Field\/1}'s gender?","Choices":{"1":{"Display":"Male"},"2":{"Display":"Female"},"3":{"Display":"Non-binary \/ third gender"},"4":{"Display":"Prefer not to say"}},"ChoiceOrder":[1,2,3,4],"Validation":{"Settings":{"ForceResponse":"OFF","Type":"None"}},"GradingData":[],"Language":[],"NextChoiceId":5,"NextAnswerId":1,"QuestionID":"QID40","DisplayLogic":{"0":{"0":{"LogicType":"LoopAndMerge","LeftOperand":"BL_eDrqjOvr1bj6yiO,1","RightOperand":"lm:\/\/CurrentLoop","Operator":"NotEqualTo","Type":"Expression","Description":"<span class=\"ConjDesc\">If<\/span> <span class=\"LeftOpDesc\">Loop 1<\/span> <span class=\"RightOpDesc\">Not Current Loop<\/span>"},"Type":"If"},"Type":"BooleanExpression","inPage":false}}},{"SurveyID":"SV_3reKXHcppX2XbUi","Element":"SQ","PrimaryAttribute":"QID41","SecondaryAttribute":"${lm:\/\/Field\/1} now\u2026","TertiaryAttribute":null,"Payload":{"QuestionText":"${lm:\/\/Field\/1}&nbsp;now\u2026","DefaultChoices":false,"DataExportTag":"Q7.2","QuestionType":"MC","Selector":"SAVR","SubSelector":"TX","DataVisibility":{"Private":false,"Hidden":false},"Configuration":{"QuestionDescriptionOption":"UseText"},"QuestionDescription":"${lm:\/\/Field\/1} now\u2026","Choices":{"1":{"Display":"Married"},"2":{"Display":"Living with partner"},"3":{"Display":"Widowed"},"4":{"Display":"Divorced"},"5":{"Display":"Separated"},"6":{"Display":"Never married"}},"ChoiceOrder":[1,2,3,4,5,6],"Validation":{"Settings":{"ForceResponse":"OFF","Type":"None"}},"GradingData":[],"Language":[],"NextChoiceId":7,"NextAnswerId":1,"QuestionID":"QID41","DisplayLogic":{"0":{"0":{"LogicType":"LoopAndMerge","LeftOperand":"BL_eDrqjOvr1bj6yiO,1","RightOperand":"lm:\/\/CurrentLoop","Operator":"NotEqualTo","Type":"Expression","Description":"<span class=\"ConjDesc\">If<\/span> <span class=\"LeftOpDesc\">Loop 1<\/span> <span class=\"RightOpDesc\">Not Current Loop<\/span>"},"Type":"If"},"Type":"BooleanExpression","inPage":false}}},{"SurveyID":"SV_3reKXHcppX2XbUi","Element":"SQ","PrimaryAttribute":"QID42","SecondaryAttribute":"What is the highest level of school ${lm:\/\/Field\/1} has completed or the highest degree ...","TertiaryAttribute":null,"Payload":{"QuestionText":"What is the highest level of school&nbsp;${lm:\/\/Field\/1} has completed or the highest\ndegree ${lm:\/\/Field\/1} has received?","DefaultChoices":false,"DataExportTag":"Q8.2","QuestionType":"MC","Selector":"SAVR","SubSelector":"TX","DataVisibility":{"Private":false,"Hidden":false},"Configuration":{"QuestionDescriptionOption":"UseText"},"QuestionDescription":"What is the highest level of school ${lm:\/\/Field\/1} has completed or the highest degree ...","Choices":{"1":{"Display":"Less than a high school degree, no diploma"},"2":{"Display":"High school graduate or the equivalent (for example: GED)"},"3":{"Display":"Some college but no degree"},"4":{"Display":"Associate degree (for example: AA, AAS, ABA)"},"5":{"Display":"Bachelor's degree (for example: BA, AB, BS)"},"6":{"Display":"Master's degree (for example: MA, MS, MEng, MEd, MSW, MBA)"},"7":{"Display":"Professional school degree (for example: MD, DDS, DVM, LLB, JD)"},"8":{"Display":"Doctorate degree (for example: PhD, EdD)"}},"ChoiceOrder":[1,2,3,4,5,6,7,8],"Validation":{"Settings":{"ForceResponse":"OFF","Type":"None"}},"GradingData":[],"Language":[],"NextChoiceId":9,"NextAnswerId":1,"QuestionID":"QID42","DisplayLogic":{"0":{"0":{"LogicType":"LoopAndMerge","LeftOperand":"BL_eDrqjOvr1bj6yiO,1","RightOperand":"lm:\/\/CurrentLoop","Operator":"NotEqualTo","Type":"Expression","Description":"<span class=\"ConjDesc\">If<\/span> <span class=\"LeftOpDesc\">Loop 1<\/span> <span class=\"RightOpDesc\">Not Current Loop<\/span>"},"Type":"If"},"Type":"BooleanExpression","inPage":false}}},{"SurveyID":"SV_3reKXHcppX2XbUi","Element":"SQ","PrimaryAttribute":"QID43","SecondaryAttribute":"Is\u00a0${lm:\/\/Field\/1} Please select all that apply.","TertiaryAttribute":null,"Payload":{"QuestionText":"Is&nbsp;${lm:\/\/Field\/1}<br><br><i>Please select all that apply.<\/i><br>","DefaultChoices":false,"DataExportTag":"Q9.2","QuestionType":"MC","Selector":"MAVR","SubSelector":"TX","DataVisibility":{"Private":false,"Hidden":false},"Configuration":{"QuestionDescriptionOption":"UseText","LabelPosition":"BELOW"},"QuestionDescription":"Is\u00a0${lm:\/\/Field\/1} Please select all that apply.","Choices":{"1":{"Display":"White"},"2":{"Display":"Black or African American"},"3":{"Display":"Hispanic, Latino, or Spanish origin"},"4":{"Display":"American Indian or Alaska Native"},"5":{"Display":"Asian"},"6":{"Display":"Native Hawaiian or Other Pacific Islander"},"7":{"Display":"Other (please specify)","TextEntry":"true"}},"ChoiceOrder":[1,2,3,4,5,6,7],"Validation":{"Settings":{"ForceResponse":"OFF","Type":"None"}},"GradingData":[],"Language":[],"NextChoiceId":8,"NextAnswerId":1,"QuestionID":"QID43","DisplayLogic":{"0":{"0":{"LogicType":"LoopAndMerge","LeftOperand":"BL_eDrqjOvr1bj6yiO,1","RightOperand":"lm:\/\/CurrentLoop","Operator":"NotEqualTo","Type":"Expression","Description":"<span class=\"ConjDesc\">If<\/span> <span class=\"LeftOpDesc\">Loop 1<\/span> <span class=\"RightOpDesc\">Not Current Loop<\/span>"},"Type":"If"},"Type":"BooleanExpression","inPage":false}}},{"SurveyID":"SV_3reKXHcppX2XbUi","Element":"SQ","PrimaryAttribute":"QID44","SecondaryAttribute":"Last week, did ${lm:\/\/Field\/1} do any work for either pay or profit?","TertiaryAttribute":null,"Payload":{"QuestionText":"Last week, did&nbsp;${lm:\/\/Field\/1} do any work for either pay or profit?","DefaultChoices":false,"DataExportTag":"Q10.2","QuestionType":"MC","Selector":"SAVR","SubSelector":"TX","DataVisibility":{"Private":false,"Hidden":false},"Configuration":{"QuestionDescriptionOption":"UseText","Autoscale":{"YScale":{"Name":"yesNo","Type":"likert","Reverse":true}}},"QuestionDescription":"Last week, did ${lm:\/\/Field\/1} do any work for either pay or profit?","Choices":{"4":{"Display":"Yes"},"5":{"Display":"No"}},"ChoiceOrder":["4","5"],"Validation":{"Settings":{"ForceResponse":"OFF","Type":"None"}},"GradingData":[],"Language":[],"NextChoiceId":6,"NextAnswerId":1,"QuestionID":"QID44","DisplayLogic":{"0":{"0":{"LogicType":"LoopAndMerge","LeftOperand":"BL_brbcy2z6ufTAY6y,1","RightOperand":"lm:\/\/CurrentLoop","Operator":"NotEqualTo","Type":"Expression","Description":"<span class=\"ConjDesc\">If<\/span> <span class=\"LeftOpDesc\">Loop 1<\/span> <span class=\"RightOpDesc\">Not Current Loop<\/span>"},"Type":"If"},"Type":"BooleanExpression","inPage":false}}},{"SurveyID":"SV_3reKXHcppX2XbUi","Element":"SQ","PrimaryAttribute":"QID45","SecondaryAttribute":"Last week, did ${lm:\/\/Field\/1} have a job from which ${lm:\/\/Field\/1} was temporarily absent?","TertiaryAttribute":null,"Payload":{"QuestionText":"Last week, did&nbsp;${lm:\/\/Field\/1} have a job from which&nbsp;${lm:\/\/Field\/1} was temporarily absent?","DefaultChoices":false,"DataExportTag":"Q11.2","QuestionType":"MC","Selector":"SAVR","SubSelector":"TX","DataVisibility":{"Private":false,"Hidden":false},"Configuration":{"QuestionDescriptionOption":"UseText","Autoscale":{"YScale":{"Name":"yesNo","Type":"likert","Reverse":true}}},"QuestionDescription":"Last week, did ${lm:\/\/Field\/1} have a job from which ${lm:\/\/Field\/1} was temporarily absent?","Choices":{"4":{"Display":"Yes"},"5":{"Display":"No"}},"DisplayLogic":{"0":{"0":{"LogicType":"Question","QuestionID":"QID44","QuestionIsInLoop":"yes","LoopAndMergeLoops":"current","LoopTarget":"none","ChoiceLocator":"q:\/\/QID44\/SelectableChoice\/5","Operator":"Selected","QuestionIDFromLocator":"QID44","LeftOperand":"q:\/\/QID44\/SelectableChoice\/5","Type":"Expression","Description":"<span class=\"ConjDesc\">If<\/span> <span class=\"QuestionDesc\">Last week, did&amp;nbsp;${lm:\/\/Field\/1} do any work for either pay or profit?<\/span> <span class=\"LeftOpDesc\">No<\/span> <span class=\"OpDesc\">Is Selected<\/span> "},"1":{"LogicType":"Question","QuestionID":"QID44","QuestionIsInLoop":"yes","LoopAndMergeLoops":"current","LoopTarget":"none","ChoiceLocator":"q:\/\/QID44\/SelectableChoice\/5","Operator":"NotDisplayed","QuestionIDFromLocator":"QID44","LeftOperand":"q:\/\/QID44\/ChoiceDisplayed\/5","Type":"Expression","Description":"<span class=\"ConjDesc\">Or<\/span> <span class=\"QuestionDesc\">Last week, did&amp;nbsp;${lm:\/\/Field\/1} do any work for either pay or profit?<\/span> <span class=\"LeftOpDesc\">No<\/span> <span class=\"OpDesc\">Is Not Displayed<\/span> ","Conjuction":"Or"},"2":{"LogicType":"LoopAndMerge","LeftOperand":"BL_brbcy2z6ufTAY6y,1","RightOperand":"lm:\/\/CurrentLoop","Operator":"NotEqualTo","Type":"Expression","Description":"<span class=\"ConjDesc\">And<\/span> <span class=\"LeftOpDesc\">Loop 1<\/span> <span class=\"RightOpDesc\">Not Current Loop<\/span>","Conjuction":"And"},"Type":"If"},"Type":"BooleanExpression","inPage":false},"ChoiceOrder":["4","5"],"Validation":{"Settings":{"ForceResponse":"OFF","Type":"None"}},"GradingData":[],"Language":[],"NextChoiceId":6,"NextAnswerId":1,"QuestionID":"QID45"}},{"SurveyID":"SV_3reKXHcppX2XbUi","Element":"SQ","PrimaryAttribute":"QID46","SecondaryAttribute":"Altogether, how many jobs did ${lm:\/\/Field\/1} have last week?","TertiaryAttribute":null,"Payload":{"QuestionText":"Altogether, how many jobs did ${lm:\/\/Field\/1}&nbsp;have last week?","DefaultChoices":false,"DataExportTag":"Q13.2","QuestionType":"MC","Selector":"SAVR","SubSelector":"TX","DataVisibility":{"Private":false,"Hidden":false},"Configuration":{"QuestionDescriptionOption":"UseText"},"QuestionDescription":"Altogether, how many jobs did ${lm:\/\/Field\/1} have last week?","Choices":{"1":{"Display":"1 Job"},"2":{"Display":"2-3 job"},"3":{"Display":"4 or more job"}},"DisplayLogic":{"0":{"0":{"LogicType":"Question","QuestionID":"QID47","QuestionIsInLoop":"yes","LoopAndMergeLoops":"current","LoopTarget":"none","ChoiceLocator":"q:\/\/QID47\/SelectableChoice\/4","Operator":"Selected","QuestionIDFromLocator":"QID47","LeftOperand":"q:\/\/QID47\/SelectableChoice\/4","Type":"Expression","Description":"<span class=\"ConjDesc\">If<\/span> <span class=\"LeftOpDesc\">Yes<\/span> <span class=\"OpDesc\">Is Selected<\/span> "},"1":{"LogicType":"LoopAndMerge","LeftOperand":"BL_brbcy2z6ufTAY6y,1","RightOperand":"lm:\/\/CurrentLoop","Operator":"NotEqualTo","Type":"Expression","Description":"<span class=\"ConjDesc\">And<\/span> <span class=\"LeftOpDesc\">Loop 1<\/span> <span class=\"RightOpDesc\">Not Current Loop<\/span>","Conjuction":"And"},"Type":"If"},"Type":"BooleanExpression","inPage":false},"ChoiceOrder":["1","2","3"],"Validation":{"Settings":{"ForceResponse":"OFF","Type":"None"}},"GradingData":[],"Language":[],"NextChoiceId":4,"NextAnswerId":1,"QuestionID":"QID46"}},{"SurveyID":"SV_3reKXHcppX2XbUi","Element":"SQ","PrimaryAttribute":"QID47","SecondaryAttribute":"Last week, did ${lm:\/\/Field\/1} have more than one job, including part-time, evening or weekend wo...","TertiaryAttribute":null,"Payload":{"QuestionText":"Last week, did&nbsp;${lm:\/\/Field\/1} have more than one job, including part-time, evening or\nweekend work?\nInclude any jobs from which&nbsp;${lm:\/\/Field\/1} was temporarily absent.","DefaultChoices":false,"DataExportTag":"Q12.2","QuestionType":"MC","Selector":"SAVR","SubSelector":"TX","DataVisibility":{"Private":false,"Hidden":false},"Configuration":{"QuestionDescriptionOption":"UseText","Autoscale":{"YScale":{"Name":"yesNo","Type":"likert","Reverse":true}}},"QuestionDescription":"Last week, did ${lm:\/\/Field\/1} have more than one job, including part-time, evening or weekend wo...","Choices":{"4":{"Display":"Yes"},"5":{"Display":"No"}},"ChoiceOrder":["4","5"],"Validation":{"Settings":{"ForceResponse":"OFF","Type":"None"}},"GradingData":[],"Language":[],"NextChoiceId":6,"NextAnswerId":1,"QuestionID":"QID47","DisplayLogic":{"0":{"0":{"LogicType":"LoopAndMerge","LeftOperand":"BL_brbcy2z6ufTAY6y,1","RightOperand":"lm:\/\/CurrentLoop","Operator":"NotEqualTo","Type":"Expression","Description":"<span class=\"ConjDesc\">If<\/span> <span class=\"LeftOpDesc\">Loop 1<\/span> <span class=\"RightOpDesc\">Not Current Loop<\/span>"},"Type":"If"},"Type":"BooleanExpression","inPage":false}}},{"SurveyID":"SV_3reKXHcppX2XbUi","Element":"SQ","PrimaryAttribute":"QID48","SecondaryAttribute":"[How\/To the best of your knowledge, how] many hours did ${lm:\/\/Field\/1} work at ${lm:\/\/Field\/1} t...","TertiaryAttribute":null,"Payload":{"QuestionText":"[How\/To the best of your knowledge, how] many hours did ${lm:\/\/Field\/1} work at&nbsp;${lm:\/\/Field\/1} their job last week?","DefaultChoices":false,"DataExportTag":"Q14.1","QuestionType":"TE","Selector":"SL","DataVisibility":{"Private":false,"Hidden":false},"Configuration":{"QuestionDescriptionOption":"UseText"},"QuestionDescription":"[How\/To the best of your knowledge, how] many hours did ${lm:\/\/Field\/1} work at ${lm:\/\/Field\/1} t...","DisplayLogic":{"0":{"0":{"LogicType":"Question","QuestionID":"QID46","QuestionIsInLoop":"yes","LoopAndMergeLoops":"current","LoopTarget":"none","ChoiceLocator":"q:\/\/QID46\/SelectableChoice\/1","Operator":"Selected","QuestionIDFromLocator":"QID46","LeftOperand":"q:\/\/QID46\/SelectableChoice\/1","Type":"Expression","Description":"<span class=\"ConjDesc\">If<\/span> <span class=\"LeftOpDesc\">1 Job<\/span> <span class=\"OpDesc\">Is Selected<\/span> "},"1":{"LogicType":"Question","QuestionID":"QID47","QuestionIsInLoop":"yes","LoopAndMergeLoops":"current","LoopTarget":"none","ChoiceLocator":"q:\/\/QID47\/SelectableChoice\/4","Operator":"Selected","QuestionIDFromLocator":"QID47","LeftOperand":"q:\/\/QID47\/SelectableChoice\/4","Type":"Expression","Description":"<span class=\"ConjDesc\">And<\/span> <span class=\"LeftOpDesc\">Yes<\/span> <span class=\"OpDesc\">Is Selected<\/span> ","Conjuction":"And"},"2":{"LogicType":"LoopAndMerge","LeftOperand":"BL_brbcy2z6ufTAY6y,1","RightOperand":"lm:\/\/CurrentLoop","Operator":"EqualTo","Type":"Expression","Description":"<span class=\"ConjDesc\">And<\/span> <span class=\"LeftOpDesc\">Loop 1<\/span> <span class=\"RightOpDesc\">Current Loop<\/span>","Conjuction":"And"},"Type":"If"},"Type":"BooleanExpression","inPage":false},"Validation":{"Settings":{"ForceResponse":"OFF","Type":"ContentType","MinChars":"1","ContentType":"ValidNumber","ValidDateType":"DateWithFormat","ValidPhoneType":"ValidUSPhone","ValidZipType":"ValidUSZip","ValidNumber":{"Min":"0","Max":"100","NumDecimals":"2"}}},"GradingData":[],"Language":[],"NextChoiceId":4,"NextAnswerId":1,"SearchSource":{"AllowFreeResponse":"false"},"QuestionID":"QID48"}},{"SurveyID":"SV_3reKXHcppX2XbUi","Element":"SQ","PrimaryAttribute":"QID49","SecondaryAttribute":"Is this more, less, or about the same amount of time ${lm:\/\/Field\/1} would work at ...","TertiaryAttribute":null,"Payload":{"QuestionText":"Is this more, less, or about the same amount of time&nbsp;${lm:\/\/Field\/1} would work at\n${lm:\/\/Field\/1}&nbsp;job in a typical week?","DefaultChoices":false,"DataExportTag":"Q14.2A","QuestionType":"MC","Selector":"SAVR","SubSelector":"TX","DataVisibility":{"Private":false,"Hidden":false},"Configuration":{"QuestionDescriptionOption":"UseText"},"QuestionDescription":"Is this more, less, or about the same amount of time ${lm:\/\/Field\/1} would work at ...","Choices":{"4":{"Display":"More"},"5":{"Display":"About the same"},"6":{"Display":"Less"}},"DisplayLogic":{"0":{"0":{"LogicType":"Question","QuestionID":"QID46","QuestionIsInLoop":"yes","LoopAndMergeLoops":"current","LoopTarget":"none","ChoiceLocator":"q:\/\/QID46\/SelectableChoice\/1","Operator":"Selected","QuestionIDFromLocator":"QID46","LeftOperand":"q:\/\/QID46\/SelectableChoice\/1","Type":"Expression","Description":"<span class=\"ConjDesc\">If<\/span> <span class=\"LeftOpDesc\">1 Job<\/span> <span class=\"OpDesc\">Is Selected<\/span> "},"1":{"LogicType":"Question","QuestionID":"QID47","QuestionIsInLoop":"yes","LoopAndMergeLoops":"current","LoopTarget":"none","ChoiceLocator":"q:\/\/QID47\/SelectableChoice\/4","Operator":"Selected","QuestionIDFromLocator":"QID47","LeftOperand":"q:\/\/QID47\/SelectableChoice\/4","Type":"Expression","Description":"<span class=\"ConjDesc\">And<\/span> <span class=\"LeftOpDesc\">Yes<\/span> <span class=\"OpDesc\">Is Selected<\/span> ","Conjuction":"And"},"2":{"LogicType":"LoopAndMerge","LeftOperand":"BL_brbcy2z6ufTAY6y,1","RightOperand":"lm:\/\/CurrentLoop","Operator":"NotEqualTo","Type":"Expression","Description":"<span class=\"ConjDesc\">And<\/span> <span class=\"LeftOpDesc\">Loop 1<\/span> <span class=\"RightOpDesc\">Not Current Loop<\/span>","Conjuction":"And"},"Type":"If"},"Type":"BooleanExpression","inPage":false},"ChoiceOrder":["4","5","6"],"Validation":{"Settings":{"ForceResponse":"OFF","Type":"None"}},"GradingData":[],"Language":[],"NextChoiceId":4,"NextAnswerId":1,"QuestionID":"QID49"}},{"SurveyID":"SV_3reKXHcppX2XbUi","Element":"SQ","PrimaryAttribute":"QID5","SecondaryAttribute":"How is ${lm:\/\/Field\/1} related to you","TertiaryAttribute":null,"Payload":{"QuestionText":"How is ${lm:\/\/Field\/1} related to you","DefaultChoices":false,"DataExportTag":"Q3","QuestionType":"MC","Selector":"SAVR","SubSelector":"TX","DataVisibility":{"Private":false,"Hidden":false},"Configuration":{"QuestionDescriptionOption":"UseText"},"QuestionDescription":"How is ${lm:\/\/Field\/1} related to you","Choices":{"1":{"Display":"Opposite-sex Spouse (Husband\/Wife)"},"2":{"Display":"Opposite-sex Unmarried Partner"},"3":{"Display":"Same-sex Spouse (Husband\/Wife)"},"4":{"Display":"Same-sex Unmarried Partner"},"5":{"Display":"Child"},"6":{"Display":"Grandchild"},"7":{"Display":"Parent (Mother\/Father)"},"8":{"Display":"Brother\/Sister"},"9":{"Display":"Other relative (Aunt, Cousin, Nephew, Mother-in-law, etc.)"},"10":{"Display":"Foster child"},"11":{"Display":"Housemate\/Roommate"},"12":{"Display":"Roomer\/Boarder"},"13":{"Display":"Other nonrelative"}},"ChoiceOrder":[1,2,3,4,5,6,7,8,9,10,11,12,13],"Validation":{"Settings":{"ForceResponse":"OFF","Type":"None"}},"GradingData":[],"Language":[],"NextChoiceId":14,"NextAnswerId":1,"QuestionID":"QID5","DisplayLogic":{"0":{"0":{"LogicType":"LoopAndMerge","LeftOperand":"BL_ehCKMejsjjNJNI2,1","RightOperand":"lm:\/\/CurrentLoop","Operator":"NotEqualTo","Type":"Expression","Description":"<span class=\"ConjDesc\">If<\/span> <span class=\"LeftOpDesc\">Loop 1<\/span> <span class=\"RightOpDesc\">Not Current Loop<\/span>"},"Type":"If"},"Type":"BooleanExpression","inPage":false}}},{"SurveyID":"SV_3reKXHcppX2XbUi","Element":"SQ","PrimaryAttribute":"QID50","SecondaryAttribute":"To the best of your knowledge, how many hours did ${lm:\/\/Field\/1} work at ${lm:\/\/Field\/1}'s main...","TertiaryAttribute":null,"Payload":{"QuestionText":"To the best of your knowledge, how many hours did ${lm:\/\/Field\/1} work at&nbsp;${lm:\/\/Field\/1}'s main job last week?","DefaultChoices":false,"DataExportTag":"Q14.1","QuestionType":"TE","Selector":"SL","DataVisibility":{"Private":false,"Hidden":false},"Configuration":{"QuestionDescriptionOption":"UseText"},"QuestionDescription":"To the best of your knowledge, how many hours did ${lm:\/\/Field\/1} work at ${lm:\/\/Field\/1}'s main...","DisplayLogic":{"0":{"0":{"LogicType":"Question","QuestionID":"QID46","QuestionIsInLoop":"yes","LoopAndMergeLoops":"current","LoopTarget":"none","ChoiceLocator":"q:\/\/QID46\/SelectableChoice\/1","Operator":"NotSelected","QuestionIDFromLocator":"QID46","LeftOperand":"q:\/\/QID46\/SelectableChoice\/1","Type":"Expression","Description":"<span class=\"ConjDesc\">If<\/span> <span class=\"LeftOpDesc\">1 Job<\/span> <span class=\"OpDesc\">Is Not Selected<\/span> "},"1":{"LogicType":"Question","QuestionID":"QID47","QuestionIsInLoop":"yes","LoopAndMergeLoops":"current","LoopTarget":"none","ChoiceLocator":"q:\/\/QID47\/SelectableChoice\/4","Operator":"Selected","QuestionIDFromLocator":"QID47","LeftOperand":"q:\/\/QID47\/SelectableChoice\/4","Type":"Expression","Description":"<span class=\"ConjDesc\">And<\/span> <span class=\"LeftOpDesc\">Yes<\/span> <span class=\"OpDesc\">Is Selected<\/span> ","Conjuction":"And"},"2":{"LogicType":"LoopAndMerge","LeftOperand":"BL_brbcy2z6ufTAY6y,1","RightOperand":"lm:\/\/CurrentLoop","Operator":"NotEqualTo","Type":"Expression","Description":"<span class=\"ConjDesc\">And<\/span> <span class=\"LeftOpDesc\">Loop 1<\/span> <span class=\"RightOpDesc\">Not Current Loop<\/span>","Conjuction":"And"},"Type":"If"},"Type":"BooleanExpression","inPage":false},"Validation":{"Settings":{"ForceResponse":"OFF","Type":"ContentType","MinChars":"1","ContentType":"ValidNumber","ValidDateType":"DateWithFormat","ValidPhoneType":"ValidUSPhone","ValidZipType":"ValidUSZip","ValidNumber":{"Min":"0","Max":"100","NumDecimals":"2"}}},"GradingData":[],"Language":[],"NextChoiceId":4,"NextAnswerId":1,"SearchSource":{"AllowFreeResponse":"false"},"QuestionID":"QID50"}},{"SurveyID":"SV_3reKXHcppX2XbUi","Element":"SQ","PrimaryAttribute":"QID51","SecondaryAttribute":"Is this more, less, or about the same amount of time ${lm:\/\/Field\/1} would work at ...","TertiaryAttribute":null,"Payload":{"QuestionText":"Is this more, less, or about the same amount of time ${lm:\/\/Field\/1} would work at ${lm:\/\/Field\/1}'s main job in a typical week?","DefaultChoices":false,"DataExportTag":"Q14.2A","QuestionType":"MC","Selector":"SAVR","SubSelector":"TX","DataVisibility":{"Private":false,"Hidden":false},"Configuration":{"QuestionDescriptionOption":"UseText"},"QuestionDescription":"Is this more, less, or about the same amount of time ${lm:\/\/Field\/1} would work at ...","Choices":{"4":{"Display":"More"},"5":{"Display":"About the same"},"6":{"Display":"Less"}},"DisplayLogic":{"0":{"0":{"LogicType":"Question","QuestionID":"QID46","QuestionIsInLoop":"yes","LoopAndMergeLoops":"current","LoopTarget":"none","ChoiceLocator":"q:\/\/QID46\/SelectableChoice\/1","Operator":"NotSelected","QuestionIDFromLocator":"QID46","LeftOperand":"q:\/\/QID46\/SelectableChoice\/1","Type":"Expression","Description":"<span class=\"ConjDesc\">If<\/span> <span class=\"LeftOpDesc\">1 Job<\/span> <span class=\"OpDesc\">Is Not Selected<\/span> "},"1":{"LogicType":"Question","QuestionID":"QID47","QuestionIsInLoop":"yes","LoopAndMergeLoops":"current","LoopTarget":"none","ChoiceLocator":"q:\/\/QID47\/SelectableChoice\/4","Operator":"Selected","QuestionIDFromLocator":"QID47","LeftOperand":"q:\/\/QID47\/SelectableChoice\/4","Type":"Expression","Description":"<span class=\"ConjDesc\">And<\/span> <span class=\"LeftOpDesc\">Yes<\/span> <span class=\"OpDesc\">Is Selected<\/span> ","Conjuction":"And"},"2":{"LogicType":"LoopAndMerge","LeftOperand":"BL_brbcy2z6ufTAY6y,1","RightOperand":"lm:\/\/CurrentLoop","Operator":"NotEqualTo","Type":"Expression","Description":"<span class=\"ConjDesc\">And<\/span> <span class=\"LeftOpDesc\">Loop 1<\/span> <span class=\"RightOpDesc\">Not Current Loop<\/span>","Conjuction":"And"},"Type":"If"},"Type":"BooleanExpression","inPage":false},"ChoiceOrder":["4","5","6"],"Validation":{"Settings":{"ForceResponse":"OFF","Type":"None"}},"GradingData":[],"Language":[],"NextChoiceId":4,"NextAnswerId":1,"QuestionID":"QID51"}},{"SurveyID":"SV_3reKXHcppX2XbUi","Element":"SQ","PrimaryAttribute":"QID52","SecondaryAttribute":"To the best of your knowledge, how many hours did ${lm:\/\/Field\/1} work at other their jobs last w...","TertiaryAttribute":null,"Payload":{"QuestionText":"To the best of your knowledge, how&nbsp;many hours did&nbsp;${lm:\/\/Field\/1} work at other their jobs last week?","DefaultChoices":false,"DataExportTag":"Q15.2","QuestionType":"TE","Selector":"SL","DataVisibility":{"Private":false,"Hidden":false},"Configuration":{"QuestionDescriptionOption":"UseText"},"QuestionDescription":"To the best of your knowledge, how many hours did ${lm:\/\/Field\/1} work at other their jobs last w...","DisplayLogic":{"0":{"0":{"LogicType":"Question","QuestionID":"QID46","QuestionIsInLoop":"yes","LoopAndMergeLoops":"current","LoopTarget":"none","ChoiceLocator":"q:\/\/QID46\/SelectableChoice\/1","Operator":"NotSelected","QuestionIDFromLocator":"QID46","LeftOperand":"q:\/\/QID46\/SelectableChoice\/1","Type":"Expression","Description":"<span class=\"ConjDesc\">If<\/span> <span class=\"LeftOpDesc\">1 Job<\/span> <span class=\"OpDesc\">Is Not Selected<\/span> "},"1":{"LogicType":"Question","QuestionID":"QID47","QuestionIsInLoop":"yes","LoopAndMergeLoops":"current","LoopTarget":"none","ChoiceLocator":"q:\/\/QID47\/SelectableChoice\/4","Operator":"Selected","QuestionIDFromLocator":"QID47","LeftOperand":"q:\/\/QID47\/SelectableChoice\/4","Type":"Expression","Description":"<span class=\"ConjDesc\">And<\/span> <span class=\"LeftOpDesc\">Yes<\/span> <span class=\"OpDesc\">Is Selected<\/span> ","Conjuction":"And"},"2":{"LogicType":"LoopAndMerge","LeftOperand":"BL_brbcy2z6ufTAY6y,1","RightOperand":"lm:\/\/CurrentLoop","Operator":"NotEqualTo","Type":"Expression","Description":"<span class=\"ConjDesc\">And<\/span> <span class=\"LeftOpDesc\">Loop 1<\/span> <span class=\"RightOpDesc\">Not Current Loop<\/span>","Conjuction":"And"},"Type":"If"},"Type":"BooleanExpression","inPage":false},"Validation":{"Settings":{"ForceResponse":"OFF","Type":"ContentType","MinChars":"1","ContentType":"ValidNumber","ValidDateType":"DateWithFormat","ValidPhoneType":"ValidUSPhone","ValidZipType":"ValidUSZip","ValidNumber":{"Min":"0","Max":"100","NumDecimals":"2"}}},"GradingData":[],"Language":[],"NextChoiceId":4,"NextAnswerId":1,"SearchSource":{"AllowFreeResponse":"false"},"QuestionID":"QID52"}},{"SurveyID":"SV_3reKXHcppX2XbUi","Element":"SQ","PrimaryAttribute":"QID53","SecondaryAttribute":"Is this more, less, or about the same amount of time ${lm:\/\/Field\/1} would work at ...","TertiaryAttribute":null,"Payload":{"QuestionText":"Is this more, less, or about the same amount of time&nbsp;${lm:\/\/Field\/1} would work at&nbsp;${lm:\/\/Field\/1}'s other jobs in a typical week?","DefaultChoices":false,"DataExportTag":"Q15.2A","QuestionType":"MC","Selector":"SAVR","SubSelector":"TX","DataVisibility":{"Private":false,"Hidden":false},"Configuration":{"QuestionDescriptionOption":"UseText"},"QuestionDescription":"Is this more, less, or about the same amount of time ${lm:\/\/Field\/1} would work at ...","Choices":{"1":{"Display":"More"},"2":{"Display":"About the same"},"3":{"Display":"Less"}},"DisplayLogic":{"0":{"0":{"LogicType":"Question","QuestionID":"QID46","QuestionIsInLoop":"yes","LoopAndMergeLoops":"current","LoopTarget":"none","ChoiceLocator":"q:\/\/QID46\/SelectableChoice\/1","Operator":"NotSelected","QuestionIDFromLocator":"QID46","LeftOperand":"q:\/\/QID46\/SelectableChoice\/1","Type":"Expression","Description":"<span class=\"ConjDesc\">If<\/span> <span class=\"LeftOpDesc\">1 Job<\/span> <span class=\"OpDesc\">Is Not Selected<\/span> "},"1":{"LogicType":"Question","QuestionID":"QID47","QuestionIsInLoop":"yes","LoopAndMergeLoops":"current","LoopTarget":"none","ChoiceLocator":"q:\/\/QID47\/SelectableChoice\/4","Operator":"Selected","QuestionIDFromLocator":"QID47","LeftOperand":"q:\/\/QID47\/SelectableChoice\/4","Type":"Expression","Description":"<span class=\"ConjDesc\">And<\/span> <span class=\"LeftOpDesc\">Yes<\/span> <span class=\"OpDesc\">Is Selected<\/span> ","Conjuction":"And"},"2":{"LogicType":"LoopAndMerge","LeftOperand":"BL_brbcy2z6ufTAY6y,1","RightOperand":"lm:\/\/CurrentLoop","Operator":"NotEqualTo","Type":"Expression","Description":"<span class=\"ConjDesc\">And<\/span> <span class=\"LeftOpDesc\">Loop 1<\/span> <span class=\"RightOpDesc\">Not Current Loop<\/span>","Conjuction":"And"},"Type":"If"},"Type":"BooleanExpression","inPage":false},"ChoiceOrder":["1","2","3"],"Validation":{"Settings":{"ForceResponse":"OFF","Type":"None"}},"GradingData":[],"Language":[],"NextChoiceId":4,"NextAnswerId":1,"QuestionID":"QID53"}},{"SurveyID":"SV_3reKXHcppX2XbUi","Element":"SQ","PrimaryAttribute":"QID54","SecondaryAttribute":"How much\u00a0${lm:\/\/Field\/1} usually earn per week at\u00a0${lm:\/\/Field\/1}'s job before any taxes or deduc.","TertiaryAttribute":null,"Payload":{"QuestionText":"How much&nbsp;${lm:\/\/Field\/1} usually earn per week at&nbsp;${lm:\/\/Field\/1}'s job\nbefore any taxes or deductions?\n<br><br><i>Include any overtime pay, commissions, or tips usually received.\n<\/i><br><i>Report in whole numbers. Do not include \u201c$\u201d or \u201c,\u201d.<\/i>","DefaultChoices":false,"DataExportTag":"Q16.2","QuestionType":"TE","Selector":"SL","DataVisibility":{"Private":false,"Hidden":false},"Configuration":{"QuestionDescriptionOption":"UseText"},"QuestionDescription":"How much\u00a0${lm:\/\/Field\/1} usually earn per week at\u00a0${lm:\/\/Field\/1}'s job before any taxes or deduc...","DisplayLogic":{"0":{"0":{"LogicType":"Question","QuestionID":"QID46","QuestionIsInLoop":"yes","LoopAndMergeLoops":"current","LoopTarget":"none","ChoiceLocator":"q:\/\/QID46\/SelectableChoice\/1","Operator":"Selected","QuestionIDFromLocator":"QID46","LeftOperand":"q:\/\/QID46\/SelectableChoice\/1","Type":"Expression","Description":"<span class=\"ConjDesc\">If<\/span> <span class=\"LeftOpDesc\">1 Job<\/span> <span class=\"OpDesc\">Is Selected<\/span> "},"1":{"LogicType":"Question","QuestionID":"QID47","QuestionIsInLoop":"yes","LoopAndMergeLoops":"current","LoopTarget":"none","ChoiceLocator":"q:\/\/QID47\/SelectableChoice\/4","Operator":"Selected","QuestionIDFromLocator":"QID47","LeftOperand":"q:\/\/QID47\/SelectableChoice\/4","Type":"Expression","Description":"<span class=\"ConjDesc\">And<\/span> <span class=\"LeftOpDesc\">Yes<\/span> <span class=\"OpDesc\">Is Selected<\/span> ","Conjuction":"And"},"2":{"LogicType":"LoopAndMerge","LeftOperand":"BL_brbcy2z6ufTAY6y,1","RightOperand":"lm:\/\/CurrentLoop","Operator":"NotEqualTo","Type":"Expression","Description":"<span class=\"ConjDesc\">And<\/span> <span class=\"LeftOpDesc\">Loop 1<\/span> <span class=\"RightOpDesc\">Not Current Loop<\/span>","Conjuction":"And"},"Type":"If"},"Type":"BooleanExpression","inPage":false},"Validation":{"Settings":{"ForceResponse":"OFF","Type":"ContentType","MinChars":"1","ContentType":"ValidNumber","ValidDateType":"DateWithFormat","ValidPhoneType":"ValidUSPhone","ValidZipType":"ValidUSZip","ValidNumber":{"Min":"","Max":"","NumDecimals":"0"}}},"GradingData":[],"Language":[],"NextChoiceId":4,"NextAnswerId":1,"SearchSource":{"AllowFreeResponse":"false"},"QuestionID":"QID54"}},{"SurveyID":"SV_3reKXHcppX2XbUi","Element":"SQ","PrimaryAttribute":"QID55","SecondaryAttribute":"How much does ${lm:\/\/Field\/1} usually earn per week at\u00a0${lm:\/\/Field\/1}'s main job before any taxe..","TertiaryAttribute":null,"Payload":{"QuestionText":"How much does ${lm:\/\/Field\/1} usually earn per week at&nbsp;${lm:\/\/Field\/1}'s main job\nbefore any taxes or deductions?\n<br><br><i>Include any overtime pay, commissions, or tips usually received.\n<\/i><br><i>Report in whole numbers. Do not include \u201c$\u201d or \u201c,\u201d.<\/i>","DefaultChoices":false,"DataExportTag":"Q16.2A","QuestionType":"TE","Selector":"SL","DataVisibility":{"Private":false,"Hidden":false},"Configuration":{"QuestionDescriptionOption":"UseText"},"QuestionDescription":"How much does ${lm:\/\/Field\/1} usually earn per week at\u00a0${lm:\/\/Field\/1}'s main job before any taxe...","DisplayLogic":{"0":{"0":{"LogicType":"Question","QuestionID":"QID46","QuestionIsInLoop":"yes","LoopAndMergeLoops":"current","LoopTarget":"none","ChoiceLocator":"q:\/\/QID46\/SelectableChoice\/1","Operator":"NotSelected","QuestionIDFromLocator":"QID46","LeftOperand":"q:\/\/QID46\/SelectableChoice\/1","Type":"Expression","Description":"<span class=\"ConjDesc\">If<\/span> <span class=\"LeftOpDesc\">1 Job<\/span> <span class=\"OpDesc\">Is Not Selected<\/span> "},"1":{"LogicType":"Question","QuestionID":"QID47","QuestionIsInLoop":"yes","LoopAndMergeLoops":"current","LoopTarget":"none","ChoiceLocator":"q:\/\/QID47\/SelectableChoice\/4","Operator":"Selected","QuestionIDFromLocator":"QID47","LeftOperand":"q:\/\/QID47\/SelectableChoice\/4","Type":"Expression","Description":"<span class=\"ConjDesc\">And<\/span> <span class=\"LeftOpDesc\">Yes<\/span> <span class=\"OpDesc\">Is Selected<\/span> ","Conjuction":"And"},"2":{"LogicType":"LoopAndMerge","LeftOperand":"BL_brbcy2z6ufTAY6y,1","RightOperand":"lm:\/\/CurrentLoop","Operator":"NotEqualTo","Type":"Expression","Description":"<span class=\"ConjDesc\">And<\/span> <span class=\"LeftOpDesc\">Loop 1<\/span> <span class=\"RightOpDesc\">Not Current Loop<\/span>","Conjuction":"And"},"Type":"If"},"Type":"BooleanExpression","inPage":false},"Validation":{"Settings":{"ForceResponse":"OFF","Type":"ContentType","MinChars":"1","ContentType":"ValidNumber","ValidDateType":"DateWithFormat","ValidPhoneType":"ValidUSPhone","ValidZipType":"ValidUSZip","ValidNumber":{"Min":"","Max":"","NumDecimals":"0"}}},"GradingData":[],"Language":[],"NextChoiceId":4,"NextAnswerId":1,"SearchSource":{"AllowFreeResponse":"false"},"QuestionID":"QID55"}},{"SurveyID":"SV_3reKXHcppX2XbUi","Element":"STAT","PrimaryAttribute":"Survey Statistics","SecondaryAttribute":null,"TertiaryAttribute":null,"Payload":{"MobileCompatible":true,"ID":"Survey Statistics"}}]}