{"SurveyEntry":{"SurveyID":"SV_3reKXHcppX2XbUi","SurveyName":"Current Employment Survey","SurveyDescription":null,"SurveyOwnerID":"UR_2mM1L5ZCVJecogm","SurveyBrandID":"umd","DivisionID":null,"SurveyLanguage":"EN","SurveyActive":false,"SurveyStatus":"Inactive","SurveyStartDate":"0000-00-00 00:00:00","SurveyExpirationDate":"0000-00-00 00:00:00","SurveyCreationDate":"2026-05-02 00:00:00","CreatorID":"UR_2mM1L5ZCVJecogm","LastModified":"2026-05-02 00:00:00","LastAccessed":"0000-00-00 00:00:00","LastActivated":"0000-00-00 00:00:00","Deleted":null},"note":"The full Qualtrics QSF export should be uploaded here. This placeholder preserves the expected repository path for the survey instrument."}